
Microsoft Visual Studio Solution File, Format Version 11.00
# Visual Studio 2010
Project("{FAE04EC0-301F-11D3-BF4B-00C04F79EFBC}") = "ColoredConsole.RowHighlighting", "ColoredConsole\RowHighlighting\ColoredConsole.RowHighlighting.csproj", "{71F8BD46-2468-4BD6-AE5D-7C81E56CF437}"
EndProject
Project("{FAE04EC0-301F-11D3-BF4B-00C04F79EFBC}") = "ColoredConsole", "ColoredConsole\Simple\ColoredConsole.csproj", "{695E7395-50BD-48BE-B1E2-7A4D21AF9F3D}"
EndProject
Project("{FAE04EC0-301F-11D3-BF4B-00C04F79EFBC}") = "ColoredConsole.WordHighlighting", "ColoredConsole\WordHighlighting\ColoredConsole.WordHighlighting.csproj", "{72FEDAC3-072E-4966-AB1E-63E07F884321}"
EndProject
Project("{FAE04EC0-301F-11D3-BF4B-00C04F79EFBC}") = "NLog", "..\..\NLog\NLog.csproj", "{CB8BE551-CB33-44A6-B793-1B266862EB25}"
EndProject
Project("{2150E333-8FDC-42A3-9474-1A3956D46DE8}") = "File", "File", "{1FEBAFA6-6888-4ABC-94EE-CA3162AF5E02}"
EndProject
Project("{FAE04EC0-301F-11D3-BF4B-00C04F79EFBC}") = "File", "File\Simple\File.csproj", "{22DFBCFD-BDC3-4CD1-8DE5-E6872ACF7DB0}"
EndProject
Project("{FAE04EC0-301F-11D3-BF4B-00C04F79EFBC}") = "File.Archive1", "File\Archive1\File.Archive1.csproj", "{D8A33DCE-395C-4AD8-8FEC-74B8C8C74F53}"
EndProject
Project("{FAE04EC0-301F-11D3-BF4B-00C04F79EFBC}") = "File.Archive2", "File\Archive2\File.Archive2.csproj", "{97DA6A8F-CF90-4E70-986E-E0A9D7196312}"
EndProject
Project("{FAE04EC0-301F-11D3-BF4B-00C04F79EFBC}") = "File.Archive3", "File\Archive3\File.Archive3.csproj", "{400AFAB6-9354-49AB-A001-00B09235CEF1}"
EndProject
Project("{FAE04EC0-301F-11D3-BF4B-00C04F79EFBC}") = "File.Archive4", "File\Archive4\File.Archive4.csproj", "{F1BC69B4-E41C-4E72-AA57-FBF73663CAEB}"
EndProject
Project("{FAE04EC0-301F-11D3-BF4B-00C04F79EFBC}") = "File.Asynchronous", "File\Asynchronous\File.Asynchronous.csproj", "{D26A09EB-2F43-4566-B304-81CF8055AD6B}"
EndProject
Project("{FAE04EC0-301F-11D3-BF4B-00C04F79EFBC}") = "File.CSV", "File\CSV\File.CSV.csproj", "{B55FBAF5-21E0-4375-8515-0FF9622D581E}"
EndProject
Project("{FAE04EC0-301F-11D3-BF4B-00C04F79EFBC}") = "File.Multiple", "File\Multiple\File.Multiple.csproj", "{45DC6DFF-4680-4739-8DD1-3EA91C1E2F19}"
EndProject
Project("{FAE04EC0-301F-11D3-BF4B-00C04F79EFBC}") = "File.Multiple2", "File\Multiple2\File.Multiple2.csproj", "{BE090500-80BA-45B8-A22F-114167DCF774}"
EndProject
Project("{FAE04EC0-301F-11D3-BF4B-00C04F79EFBC}") = "Production", "Production\Production.csproj", "{6C7F906E-3564-46F2-9F61-FD4032C973B6}"
EndProject
Project("{FAE04EC0-301F-11D3-BF4B-00C04F79EFBC}") = "Console", "Console\Console.csproj", "{53FFA3C4-C63B-465C-AB3E-E4C3B0953AB1}"
EndProject
Project("{2150E333-8FDC-42A3-9474-1A3956D46DE8}") = "ColoredConsole", "ColoredConsole", "{AD2A766B-0E4D-409F-A399-1697C311D5F7}"
EndProject
Project("{2150E333-8FDC-42A3-9474-1A3956D46DE8}") = "AsyncWrapper", "AsyncWrapper", "{1A55A236-AFFB-4D46-A2F8-7BA1D208AA4E}"
EndProject
Project("{FAE04EC0-301F-11D3-BF4B-00C04F79EFBC}") = "AsyncWrapper.WrappingFile", "AsyncWrapper\WrappingFile\AsyncWrapper.WrappingFile.csproj", "{29B2985C-C196-453F-848E-7195AADAC21C}"
EndProject
Project("{2150E333-8FDC-42A3-9474-1A3956D46DE8}") = "AutoFlushWrapper", "AutoFlushWrapper", "{2EAC203F-029A-4833-8089-288FCA8A4611}"
EndProject
Project("{FAE04EC0-301F-11D3-BF4B-00C04F79EFBC}") = "AutoFlushWrapper", "AutoFlushWrapper\Simple\AutoFlushWrapper.csproj", "{5B09A92A-9C6F-4EE2-B777-94281092DEDF}"
EndProject
Project("{2150E333-8FDC-42A3-9474-1A3956D46DE8}") = "BufferingWrapper", "BufferingWrapper", "{AD3C8414-EEFF-47DF-B46E-A6639FE521D8}"
EndProject
Project("{FAE04EC0-301F-11D3-BF4B-00C04F79EFBC}") = "BufferingWrapper", "BufferingWrapper\Simple\BufferingWrapper.csproj", "{A516604C-19DE-4AED-9262-8F7271A42BFF}"
EndProject
Project("{2150E333-8FDC-42A3-9474-1A3956D46DE8}") = "Chainsaw", "Chainsaw", "{53E1D618-EEC4-46C6-AF3A-666C25BA2A24}"
EndProject
Project("{2150E333-8FDC-42A3-9474-1A3956D46DE8}") = "Database", "Database", "{3365683D-6203-4E87-853B-67C208FFE2B0}"
EndProject
Project("{2150E333-8FDC-42A3-9474-1A3956D46DE8}") = "Debugger", "Debugger", "{63EB4443-F9F5-41B3-98B1-BF9508BD45F3}"
EndProject
Project("{2150E333-8FDC-42A3-9474-1A3956D46DE8}") = "EventLog", "EventLog", "{B7B6C290-D25C-423D-B824-24B59076132B}"
EndProject
Project("{2150E333-8FDC-42A3-9474-1A3956D46DE8}") = "FilteringWrapper", "FilteringWrapper", "{27570FE5-012D-414E-B56B-0E9B47280252}"
EndProject
Project("{2150E333-8FDC-42A3-9474-1A3956D46DE8}") = "FormControl", "FormControl", "{DF3EF4F4-770F-4E39-B2D6-9AF9C0DF1D1E}"
EndProject
Project("{FAE04EC0-301F-11D3-BF4B-00C04F79EFBC}") = "Chainsaw", "Chainsaw\Simple\Chainsaw.csproj", "{D7B11859-2A1B-49F7-A7C7-83B72495BF31}"
EndProject
Project("{FAE04EC0-301F-11D3-BF4B-00C04F79EFBC}") = "Database.MSSQL", "Database\MSSQL\Database.MSSQL.csproj", "{4399886A-6016-4290-992E-1E77A14CEE46}"
EndProject
Project("{FAE04EC0-301F-11D3-BF4B-00C04F79EFBC}") = "Database.Oracle.Native", "Database\Oracle.Native\Database.Oracle.Native.csproj", "{0A94DFDE-A128-4F83-B0D2-2D97B18BF7BA}"
EndProject
Project("{FAE04EC0-301F-11D3-BF4B-00C04F79EFBC}") = "Database.Oracle.OleDb", "Database\Oracle.OleDb\Database.Oracle.OleDb.csproj", "{74641C69-189E-4F3E-B521-32BDC1121E5F}"
EndProject
Project("{FAE04EC0-301F-11D3-BF4B-00C04F79EFBC}") = "Debugger", "Debugger\Simple\Debugger.csproj", "{7720B322-2AFF-45C4-AF9A-EAB12BCFAFCE}"
EndProject
Project("{FAE04EC0-301F-11D3-BF4B-00C04F79EFBC}") = "EventLog", "EventLog\Simple\EventLog.csproj", "{D7347273-CF36-4A75-B324-90D4644D9287}"
EndProject
Project("{FAE04EC0-301F-11D3-BF4B-00C04F79EFBC}") = "FilteringWrapper", "FilteringWrapper\Simple\FilteringWrapper.csproj", "{BFEDB63A-1A05-4A51-B7C2-C59DE01BC617}"
EndProject
Project("{FAE04EC0-301F-11D3-BF4B-00C04F79EFBC}") = "FormControl", "FormControl\FormControl.csproj", "{20449142-40C3-4B1D-8F7C-2D3ED924FDA7}"
EndProject
Project("{2150E333-8FDC-42A3-9474-1A3956D46DE8}") = "NLog", "NLog", "{AC16D1ED-96A9-49CF-8012-84A615C77148}"
EndProject
Project("{FAE04EC0-301F-11D3-BF4B-00C04F79EFBC}") = "Database", "..\..\Database\Database.csproj", "{BACDB92F-A795-4631-8FC7-C6599D96B1BE}"
EndProject
Project("{FAE04EC0-301F-11D3-BF4B-00C04F79EFBC}") = "Network", "..\..\Network\Network.csproj", "{C20B5498-5E79-40F9-B41F-3D74D4558E92}"
EndProject
Project("{FAE04EC0-301F-11D3-BF4B-00C04F79EFBC}") = "WinForm", "..\..\WinForm\WinForm.csproj", "{D77119C2-746D-4A2D-B06B-AB2157F226E1}"
EndProject
Global
	GlobalSection(SolutionConfigurationPlatforms) = preSolution
		Debug|Any CPU = Debug|Any CPU
		Release|Any CPU = Release|Any CPU
	EndGlobalSection
	GlobalSection(ProjectConfigurationPlatforms) = postSolution
		{71F8BD46-2468-4BD6-AE5D-7C81E56CF437}.Debug|Any CPU.ActiveCfg = Debug|Any CPU
		{71F8BD46-2468-4BD6-AE5D-7C81E56CF437}.Debug|Any CPU.Build.0 = Debug|Any CPU
		{71F8BD46-2468-4BD6-AE5D-7C81E56CF437}.Release|Any CPU.ActiveCfg = Release|Any CPU
		{71F8BD46-2468-4BD6-AE5D-7C81E56CF437}.Release|Any CPU.Build.0 = Release|Any CPU
		{695E7395-50BD-48BE-B1E2-7A4D21AF9F3D}.Debug|Any CPU.ActiveCfg = Debug|Any CPU
		{695E7395-50BD-48BE-B1E2-7A4D21AF9F3D}.Debug|Any CPU.Build.0 = Debug|Any CPU
		{695E7395-50BD-48BE-B1E2-7A4D21AF9F3D}.Release|Any CPU.ActiveCfg = Release|Any CPU
		{695E7395-50BD-48BE-B1E2-7A4D21AF9F3D}.Release|Any CPU.Build.0 = Release|Any CPU
		{72FEDAC3-072E-4966-AB1E-63E07F884321}.Debug|Any CPU.ActiveCfg = Debug|Any CPU
		{72FEDAC3-072E-4966-AB1E-63E07F884321}.Debug|Any CPU.Build.0 = Debug|Any CPU
		{72FEDAC3-072E-4966-AB1E-63E07F884321}.Release|Any CPU.ActiveCfg = Release|Any CPU
		{72FEDAC3-072E-4966-AB1E-63E07F884321}.Release|Any CPU.Build.0 = Release|Any CPU
		{CB8BE551-CB33-44A6-B793-1B266862EB25}.Debug|Any CPU.ActiveCfg = Debug|Any CPU
		{CB8BE551-CB33-44A6-B793-1B266862EB25}.Debug|Any CPU.Build.0 = Debug|Any CPU
		{CB8BE551-CB33-44A6-B793-1B266862EB25}.Release|Any CPU.ActiveCfg = Release|Any CPU
		{CB8BE551-CB33-44A6-B793-1B266862EB25}.Release|Any CPU.Build.0 = Release|Any CPU
		{22DFBCFD-BDC3-4CD1-8DE5-E6872ACF7DB0}.Debug|Any CPU.ActiveCfg = Debug|Any CPU
		{22DFBCFD-BDC3-4CD1-8DE5-E6872ACF7DB0}.Debug|Any CPU.Build.0 = Debug|Any CPU
		{22DFBCFD-BDC3-4CD1-8DE5-E6872ACF7DB0}.Release|Any CPU.ActiveCfg = Release|Any CPU
		{22DFBCFD-BDC3-4CD1-8DE5-E6872ACF7DB0}.Release|Any CPU.Build.0 = Release|Any CPU
		{D8A33DCE-395C-4AD8-8FEC-74B8C8C74F53}.Debug|Any CPU.ActiveCfg = Debug|Any CPU
		{D8A33DCE-395C-4AD8-8FEC-74B8C8C74F53}.Debug|Any CPU.Build.0 = Debug|Any CPU
		{D8A33DCE-395C-4AD8-8FEC-74B8C8C74F53}.Release|Any CPU.ActiveCfg = Release|Any CPU
		{D8A33DCE-395C-4AD8-8FEC-74B8C8C74F53}.Release|Any CPU.Build.0 = Release|Any CPU
		{97DA6A8F-CF90-4E70-986E-E0A9D7196312}.Debug|Any CPU.ActiveCfg = Debug|Any CPU
		{97DA6A8F-CF90-4E70-986E-E0A9D7196312}.Debug|Any CPU.Build.0 = Debug|Any CPU
		{97DA6A8F-CF90-4E70-986E-E0A9D7196312}.Release|Any CPU.ActiveCfg = Release|Any CPU
		{97DA6A8F-CF90-4E70-986E-E0A9D7196312}.Release|Any CPU.Build.0 = Release|Any CPU
		{400AFAB6-9354-49AB-A001-00B09235CEF1}.Debug|Any CPU.ActiveCfg = Debug|Any CPU
		{400AFAB6-9354-49AB-A001-00B09235CEF1}.Debug|Any CPU.Build.0 = Debug|Any CPU
		{400AFAB6-9354-49AB-A001-00B09235CEF1}.Release|Any CPU.ActiveCfg = Release|Any CPU
		{400AFAB6-9354-49AB-A001-00B09235CEF1}.Release|Any CPU.Build.0 = Release|Any CPU
		{F1BC69B4-E41C-4E72-AA57-FBF73663CAEB}.Debug|Any CPU.ActiveCfg = Debug|Any CPU
		{F1BC69B4-E41C-4E72-AA57-FBF73663CAEB}.Debug|Any CPU.Build.0 = Debug|Any CPU
		{F1BC69B4-E41C-4E72-AA57-FBF73663CAEB}.Release|Any CPU.ActiveCfg = Release|Any CPU
		{F1BC69B4-E41C-4E72-AA57-FBF73663CAEB}.Release|Any CPU.Build.0 = Release|Any CPU
		{D26A09EB-2F43-4566-B304-81CF8055AD6B}.Debug|Any CPU.ActiveCfg = Debug|Any CPU
		{D26A09EB-2F43-4566-B304-81CF8055AD6B}.Debug|Any CPU.Build.0 = Debug|Any CPU
		{D26A09EB-2F43-4566-B304-81CF8055AD6B}.Release|Any CPU.ActiveCfg = Release|Any CPU
		{D26A09EB-2F43-4566-B304-81CF8055AD6B}.Release|Any CPU.Build.0 = Release|Any CPU
		{B55FBAF5-21E0-4375-8515-0FF9622D581E}.Debug|Any CPU.ActiveCfg = Debug|Any CPU
		{B55FBAF5-21E0-4375-8515-0FF9622D581E}.Debug|Any CPU.Build.0 = Debug|Any CPU
		{B55FBAF5-21E0-4375-8515-0FF9622D581E}.Release|Any CPU.ActiveCfg = Release|Any CPU
		{B55FBAF5-21E0-4375-8515-0FF9622D581E}.Release|Any CPU.Build.0 = Release|Any CPU
		{45DC6DFF-4680-4739-8DD1-3EA91C1E2F19}.Debug|Any CPU.ActiveCfg = Debug|Any CPU
		{45DC6DFF-4680-4739-8DD1-3EA91C1E2F19}.Debug|Any CPU.Build.0 = Debug|Any CPU
		{45DC6DFF-4680-4739-8DD1-3EA91C1E2F19}.Release|Any CPU.ActiveCfg = Release|Any CPU
		{45DC6DFF-4680-4739-8DD1-3EA91C1E2F19}.Release|Any CPU.Build.0 = Release|Any CPU
		{BE090500-80BA-45B8-A22F-114167DCF774}.Debug|Any CPU.ActiveCfg = Debug|Any CPU
		{BE090500-80BA-45B8-A22F-114167DCF774}.Debug|Any CPU.Build.0 = Debug|Any CPU
		{BE090500-80BA-45B8-A22F-114167DCF774}.Release|Any CPU.ActiveCfg = Release|Any CPU
		{BE090500-80BA-45B8-A22F-114167DCF774}.Release|Any CPU.Build.0 = Release|Any CPU
		{6C7F906E-3564-46F2-9F61-FD4032C973B6}.Debug|Any CPU.ActiveCfg = Debug|Any CPU
		{6C7F906E-3564-46F2-9F61-FD4032C973B6}.Debug|Any CPU.Build.0 = Debug|Any CPU
		{6C7F906E-3564-46F2-9F61-FD4032C973B6}.Release|Any CPU.ActiveCfg = Release|Any CPU
		{6C7F906E-3564-46F2-9F61-FD4032C973B6}.Release|Any CPU.Build.0 = Release|Any CPU
		{53FFA3C4-C63B-465C-AB3E-E4C3B0953AB1}.Debug|Any CPU.ActiveCfg = Debug|Any CPU
		{53FFA3C4-C63B-465C-AB3E-E4C3B0953AB1}.Debug|Any CPU.Build.0 = Debug|Any CPU
		{53FFA3C4-C63B-465C-AB3E-E4C3B0953AB1}.Release|Any CPU.ActiveCfg = Release|Any CPU
		{53FFA3C4-C63B-465C-AB3E-E4C3B0953AB1}.Release|Any CPU.Build.0 = Release|Any CPU
		{29B2985C-C196-453F-848E-7195AADAC21C}.Debug|Any CPU.ActiveCfg = Debug|Any CPU
		{29B2985C-C196-453F-848E-7195AADAC21C}.Debug|Any CPU.Build.0 = Debug|Any CPU
		{29B2985C-C196-453F-848E-7195AADAC21C}.Release|Any CPU.ActiveCfg = Release|Any CPU
		{29B2985C-C196-453F-848E-7195AADAC21C}.Release|Any CPU.Build.0 = Release|Any CPU
		{5B09A92A-9C6F-4EE2-B777-94281092DEDF}.Debug|Any CPU.ActiveCfg = Debug|Any CPU
		{5B09A92A-9C6F-4EE2-B777-94281092DEDF}.Debug|Any CPU.Build.0 = Debug|Any CPU
		{5B09A92A-9C6F-4EE2-B777-94281092DEDF}.Release|Any CPU.ActiveCfg = Release|Any CPU
		{5B09A92A-9C6F-4EE2-B777-94281092DEDF}.Release|Any CPU.Build.0 = Release|Any CPU
		{A516604C-19DE-4AED-9262-8F7271A42BFF}.Debug|Any CPU.ActiveCfg = Debug|Any CPU
		{A516604C-19DE-4AED-9262-8F7271A42BFF}.Debug|Any CPU.Build.0 = Debug|Any CPU
		{A516604C-19DE-4AED-9262-8F7271A42BFF}.Release|Any CPU.ActiveCfg = Release|Any CPU
		{A516604C-19DE-4AED-9262-8F7271A42BFF}.Release|Any CPU.Build.0 = Release|Any CPU
		{D7B11859-2A1B-49F7-A7C7-83B72495BF31}.Debug|Any CPU.ActiveCfg = Debug|Any CPU
		{D7B11859-2A1B-49F7-A7C7-83B72495BF31}.Debug|Any CPU.Build.0 = Debug|Any CPU
		{D7B11859-2A1B-49F7-A7C7-83B72495BF31}.Release|Any CPU.ActiveCfg = Release|Any CPU
		{D7B11859-2A1B-49F7-A7C7-83B72495BF31}.Release|Any CPU.Build.0 = Release|Any CPU
		{4399886A-6016-4290-992E-1E77A14CEE46}.Debug|Any CPU.ActiveCfg = Debug|Any CPU
		{4399886A-6016-4290-992E-1E77A14CEE46}.Debug|Any CPU.Build.0 = Debug|Any CPU
		{4399886A-6016-4290-992E-1E77A14CEE46}.Release|Any CPU.ActiveCfg = Release|Any CPU
		{4399886A-6016-4290-992E-1E77A14CEE46}.Release|Any CPU.Build.0 = Release|Any CPU
		{0A94DFDE-A128-4F83-B0D2-2D97B18BF7BA}.Debug|Any CPU.ActiveCfg = Debug|Any CPU
		{0A94DFDE-A128-4F83-B0D2-2D97B18BF7BA}.Debug|Any CPU.Build.0 = Debug|Any CPU
		{0A94DFDE-A128-4F83-B0D2-2D97B18BF7BA}.Release|Any CPU.ActiveCfg = Release|Any CPU
		{0A94DFDE-A128-4F83-B0D2-2D97B18BF7BA}.Release|Any CPU.Build.0 = Release|Any CPU
		{74641C69-189E-4F3E-B521-32BDC1121E5F}.Debug|Any CPU.ActiveCfg = Debug|Any CPU
		{74641C69-189E-4F3E-B521-32BDC1121E5F}.Debug|Any CPU.Build.0 = Debug|Any CPU
		{74641C69-189E-4F3E-B521-32BDC1121E5F}.Release|Any CPU.ActiveCfg = Release|Any CPU
		{74641C69-189E-4F3E-B521-32BDC1121E5F}.Release|Any CPU.Build.0 = Release|Any CPU
		{7720B322-2AFF-45C4-AF9A-EAB12BCFAFCE}.Debug|Any CPU.ActiveCfg = Debug|Any CPU
		{7720B322-2AFF-45C4-AF9A-EAB12BCFAFCE}.Debug|Any CPU.Build.0 = Debug|Any CPU
		{7720B322-2AFF-45C4-AF9A-EAB12BCFAFCE}.Release|Any CPU.ActiveCfg = Release|Any CPU
		{7720B322-2AFF-45C4-AF9A-EAB12BCFAFCE}.Release|Any CPU.Build.0 = Release|Any CPU
		{D7347273-CF36-4A75-B324-90D4644D9287}.Debug|Any CPU.ActiveCfg = Debug|Any CPU
		{D7347273-CF36-4A75-B324-90D4644D9287}.Debug|Any CPU.Build.0 = Debug|Any CPU
		{D7347273-CF36-4A75-B324-90D4644D9287}.Release|Any CPU.ActiveCfg = Release|Any CPU
		{D7347273-CF36-4A75-B324-90D4644D9287}.Release|Any CPU.Build.0 = Release|Any CPU
		{BFEDB63A-1A05-4A51-B7C2-C59DE01BC617}.Debug|Any CPU.ActiveCfg = Debug|Any CPU
		{BFEDB63A-1A05-4A51-B7C2-C59DE01BC617}.Debug|Any CPU.Build.0 = Debug|Any CPU
		{BFEDB63A-1A05-4A51-B7C2-C59DE01BC617}.Release|Any CPU.ActiveCfg = Release|Any CPU
		{BFEDB63A-1A05-4A51-B7C2-C59DE01BC617}.Release|Any CPU.Build.0 = Release|Any CPU
		{20449142-40C3-4B1D-8F7C-2D3ED924FDA7}.Debug|Any CPU.ActiveCfg = Debug|Any CPU
		{20449142-40C3-4B1D-8F7C-2D3ED924FDA7}.Debug|Any CPU.Build.0 = Debug|Any CPU
		{20449142-40C3-4B1D-8F7C-2D3ED924FDA7}.Release|Any CPU.ActiveCfg = Release|Any CPU
		{20449142-40C3-4B1D-8F7C-2D3ED924FDA7}.Release|Any CPU.Build.0 = Release|Any CPU
		{BACDB92F-A795-4631-8FC7-C6599D96B1BE}.Debug|Any CPU.ActiveCfg = Debug|Any CPU
		{BACDB92F-A795-4631-8FC7-C6599D96B1BE}.Debug|Any CPU.Build.0 = Debug|Any CPU
		{BACDB92F-A795-4631-8FC7-C6599D96B1BE}.Release|Any CPU.ActiveCfg = Release|Any CPU
		{BACDB92F-A795-4631-8FC7-C6599D96B1BE}.Release|Any CPU.Build.0 = Release|Any CPU
		{C20B5498-5E79-40F9-B41F-3D74D4558E92}.Debug|Any CPU.ActiveCfg = Debug|Any CPU
		{C20B5498-5E79-40F9-B41F-3D74D4558E92}.Debug|Any CPU.Build.0 = Debug|Any CPU
		{C20B5498-5E79-40F9-B41F-3D74D4558E92}.Release|Any CPU.ActiveCfg = Release|Any CPU
		{C20B5498-5E79-40F9-B41F-3D74D4558E92}.Release|Any CPU.Build.0 = Release|Any CPU
		{D77119C2-746D-4A2D-B06B-AB2157F226E1}.Debug|Any CPU.ActiveCfg = Debug|Any CPU
		{D77119C2-746D-4A2D-B06B-AB2157F226E1}.Debug|Any CPU.Build.0 = Debug|Any CPU
		{D77119C2-746D-4A2D-B06B-AB2157F226E1}.Release|Any CPU.ActiveCfg = Release|Any CPU
		{D77119C2-746D-4A2D-B06B-AB2157F226E1}.Release|Any CPU.Build.0 = Release|Any CPU
	EndGlobalSection
	GlobalSection(SolutionProperties) = preSolution
		HideSolutionNode = FALSE
	EndGlobalSection
	GlobalSection(NestedProjects) = preSolution
		{695E7395-50BD-48BE-B1E2-7A4D21AF9F3D} = {AD2A766B-0E4D-409F-A399-1697C311D5F7}
		{72FEDAC3-072E-4966-AB1E-63E07F884321} = {AD2A766B-0E4D-409F-A399-1697C311D5F7}
		{71F8BD46-2468-4BD6-AE5D-7C81E56CF437} = {AD2A766B-0E4D-409F-A399-1697C311D5F7}
		{22DFBCFD-BDC3-4CD1-8DE5-E6872ACF7DB0} = {1FEBAFA6-6888-4ABC-94EE-CA3162AF5E02}
		{D8A33DCE-395C-4AD8-8FEC-74B8C8C74F53} = {1FEBAFA6-6888-4ABC-94EE-CA3162AF5E02}
		{97DA6A8F-CF90-4E70-986E-E0A9D7196312} = {1FEBAFA6-6888-4ABC-94EE-CA3162AF5E02}
		{400AFAB6-9354-49AB-A001-00B09235CEF1} = {1FEBAFA6-6888-4ABC-94EE-CA3162AF5E02}
		{F1BC69B4-E41C-4E72-AA57-FBF73663CAEB} = {1FEBAFA6-6888-4ABC-94EE-CA3162AF5E02}
		{D26A09EB-2F43-4566-B304-81CF8055AD6B} = {1FEBAFA6-6888-4ABC-94EE-CA3162AF5E02}
		{B55FBAF5-21E0-4375-8515-0FF9622D581E} = {1FEBAFA6-6888-4ABC-94EE-CA3162AF5E02}
		{45DC6DFF-4680-4739-8DD1-3EA91C1E2F19} = {1FEBAFA6-6888-4ABC-94EE-CA3162AF5E02}
		{BE090500-80BA-45B8-A22F-114167DCF774} = {1FEBAFA6-6888-4ABC-94EE-CA3162AF5E02}
		{29B2985C-C196-453F-848E-7195AADAC21C} = {1A55A236-AFFB-4D46-A2F8-7BA1D208AA4E}
		{5B09A92A-9C6F-4EE2-B777-94281092DEDF} = {2EAC203F-029A-4833-8089-288FCA8A4611}
		{A516604C-19DE-4AED-9262-8F7271A42BFF} = {AD3C8414-EEFF-47DF-B46E-A6639FE521D8}
		{D7B11859-2A1B-49F7-A7C7-83B72495BF31} = {53E1D618-EEC4-46C6-AF3A-666C25BA2A24}
		{4399886A-6016-4290-992E-1E77A14CEE46} = {3365683D-6203-4E87-853B-67C208FFE2B0}
		{0A94DFDE-A128-4F83-B0D2-2D97B18BF7BA} = {3365683D-6203-4E87-853B-67C208FFE2B0}
		{74641C69-189E-4F3E-B521-32BDC1121E5F} = {3365683D-6203-4E87-853B-67C208FFE2B0}
		{7720B322-2AFF-45C4-AF9A-EAB12BCFAFCE} = {63EB4443-F9F5-41B3-98B1-BF9508BD45F3}
		{D7347273-CF36-4A75-B324-90D4644D9287} = {B7B6C290-D25C-423D-B824-24B59076132B}
		{BFEDB63A-1A05-4A51-B7C2-C59DE01BC617} = {27570FE5-012D-414E-B56B-0E9B47280252}
		{20449142-40C3-4B1D-8F7C-2D3ED924FDA7} = {DF3EF4F4-770F-4E39-B2D6-9AF9C0DF1D1E}
		{CB8BE551-CB33-44A6-B793-1B266862EB25} = {AC16D1ED-96A9-49CF-8012-84A615C77148}
		{BACDB92F-A795-4631-8FC7-C6599D96B1BE} = {AC16D1ED-96A9-49CF-8012-84A615C77148}
		{C20B5498-5E79-40F9-B41F-3D74D4558E92} = {AC16D1ED-96A9-49CF-8012-84A615C77148}
		{D77119C2-746D-4A2D-B06B-AB2157F226E1} = {AC16D1ED-96A9-49CF-8012-84A615C77148}
	EndGlobalSection
	GlobalSection(MonoDevelopProperties) = preSolution
		StartupItem = Production\Production.csproj
	EndGlobalSection
EndGlobal
