
Microsoft Visual Studio Solution File, Format Version 11.00
# Visual Studio 2010
Project("{FAE04EC0-301F-11D3-BF4B-00C04F79EFBC}") = "NLog", "NLog\NLog.csproj", "{CB8BE551-CB33-44A6-B793-1B266862EB25}"
EndProject
Project("{FAE04EC0-301F-11D3-BF4B-00C04F79EFBC}") = "NLog.Tests", "NLog.Tests\NLog.Tests.csproj", "{D0625344-3EF4-46AA-B793-0500C3E41316}"
EndProject
Project("{FAE04EC0-301F-11D3-BF4B-00C04F79EFBC}") = "SampleExtensions", "SampleExtensions\SampleExtensions.csproj", "{48394EBB-8564-4E62-8F24-C55D873763B3}"
EndProject
Project("{FAE04EC0-301F-11D3-BF4B-00C04F79EFBC}") = "LogReceiverService", "LogReceiverService\LogReceiverService.csproj", "{D0268955-8365-4FCE-B434-4A539E3356F9}"
EndProject
Project("{FAE04EC0-301F-11D3-BF4B-00C04F79EFBC}") = "LogReceiverService.Wcf", "LogReceiverService.Wcf\LogReceiverService.Wcf.csproj", "{F753CDF8-D013-439A-A64F-872DD29C4E2C}"
EndProject
Project("{FAE04EC0-301F-11D3-BF4B-00C04F79EFBC}") = "LogReceiverService.Tests", "LogReceiverService.Tests\LogReceiverService.Tests.csproj", "{097B8618-B864-4C32-9012-0AECB9A889D0}"
EndProject
Project("{FAE04EC0-301F-11D3-BF4B-00C04F79EFBC}") = "LogReceiverService.Wcf.Tests", "LogReceiverService.Wcf.Tests\LogReceiverService.Wcf.Tests.csproj", "{CFE0139D-9C47-43FA-B5A0-DB4261824894}"
EndProject
Project("{FAE04EC0-301F-11D3-BF4B-00C04F79EFBC}") = "AspNet", "AspNet\AspNet.csproj", "{5861CE4C-7130-4B7B-AAF5-640A13EAF1DA}"
EndProject
Project("{FAE04EC0-301F-11D3-BF4B-00C04F79EFBC}") = "AspNet.Tests", "AspNet.Tests\AspNet.Tests.csproj", "{5C76FD54-6416-4AC4-A360-BE4A9E580053}"
EndProject
Project("{FAE04EC0-301F-11D3-BF4B-00C04F79EFBC}") = "UnixTraits", "UnixTraits\UnixTraits.csproj", "{F9C8FFF2-E346-4497-9168-52F1BA389CFE}"
EndProject
Project("{FAE04EC0-301F-11D3-BF4B-00C04F79EFBC}") = "WinTraits", "WinTraits\WinTraits.csproj", "{244448C6-7BEB-45ED-8969-43A1D06BFDB9}"
EndProject
Project("{FAE04EC0-301F-11D3-BF4B-00C04F79EFBC}") = "WinTraits.Tests", "WinTraits.Tests\WinTraits.Tests.csproj", "{0472D172-259E-438A-9574-69B27F2F8152}"
EndProject
Project("{FAE04EC0-301F-11D3-BF4B-00C04F79EFBC}") = "UnixTraits.Tests", "UnixTraits.Tests\UnixTraits.Tests.csproj", "{D4C12028-88A8-4954-94DA-BAD26DAE52D7}"
EndProject
Project("{FAE04EC0-301F-11D3-BF4B-00C04F79EFBC}") = "Network", "Network\Network.csproj", "{C20B5498-5E79-40F9-B41F-3D74D4558E92}"
EndProject
Project("{FAE04EC0-301F-11D3-BF4B-00C04F79EFBC}") = "Network.Tests", "Network.Tests\Network.Tests.csproj", "{F94A8436-778C-4251-AEA9-C9D98D8058FF}"
EndProject
Project("{FAE04EC0-301F-11D3-BF4B-00C04F79EFBC}") = "Database", "Database\Database.csproj", "{BACDB92F-A795-4631-8FC7-C6599D96B1BE}"
EndProject
Project("{FAE04EC0-301F-11D3-BF4B-00C04F79EFBC}") = "Database.Tests", "Database.Tests\Database.Tests.csproj", "{4819D4E4-5AD9-44E0-B73B-9697288EECBC}"
EndProject
Project("{FAE04EC0-301F-11D3-BF4B-00C04F79EFBC}") = "WinForm", "WinForm\WinForm.csproj", "{D77119C2-746D-4A2D-B06B-AB2157F226E1}"
EndProject
Project("{FAE04EC0-301F-11D3-BF4B-00C04F79EFBC}") = "WinForm.Tests", "WinForm.Tests\WinForm.Tests.csproj", "{2CD07A9E-6744-4AA4-891B-D7E653697DD7}"
EndProject
Project("{FAE04EC0-301F-11D3-BF4B-00C04F79EFBC}") = "OverrideExtension", "OverrideExtension\OverrideExtension.csproj", "{6465E3D8-54F4-4DCC-B118-FBDAD4EB1D19}"
EndProject
Global
	GlobalSection(SolutionConfigurationPlatforms) = preSolution
		Debug|Any CPU = Debug|Any CPU
		Release|Any CPU = Release|Any CPU
	EndGlobalSection
	GlobalSection(ProjectConfigurationPlatforms) = postSolution
		{0472D172-259E-438A-9574-69B27F2F8152}.Debug|Any CPU.ActiveCfg = Debug|Any CPU
		{0472D172-259E-438A-9574-69B27F2F8152}.Debug|Any CPU.Build.0 = Debug|Any CPU
		{0472D172-259E-438A-9574-69B27F2F8152}.Release|Any CPU.ActiveCfg = Release|Any CPU
		{0472D172-259E-438A-9574-69B27F2F8152}.Release|Any CPU.Build.0 = Release|Any CPU
		{097B8618-B864-4C32-9012-0AECB9A889D0}.Debug|Any CPU.ActiveCfg = Debug|Any CPU
		{097B8618-B864-4C32-9012-0AECB9A889D0}.Debug|Any CPU.Build.0 = Debug|Any CPU
		{097B8618-B864-4C32-9012-0AECB9A889D0}.Release|Any CPU.ActiveCfg = Release|Any CPU
		{097B8618-B864-4C32-9012-0AECB9A889D0}.Release|Any CPU.Build.0 = Release|Any CPU
		{244448C6-7BEB-45ED-8969-43A1D06BFDB9}.Debug|Any CPU.ActiveCfg = Debug|Any CPU
		{244448C6-7BEB-45ED-8969-43A1D06BFDB9}.Debug|Any CPU.Build.0 = Debug|Any CPU
		{244448C6-7BEB-45ED-8969-43A1D06BFDB9}.Release|Any CPU.ActiveCfg = Release|Any CPU
		{244448C6-7BEB-45ED-8969-43A1D06BFDB9}.Release|Any CPU.Build.0 = Release|Any CPU
		{2CD07A9E-6744-4AA4-891B-D7E653697DD7}.Debug|Any CPU.ActiveCfg = Debug|Any CPU
		{2CD07A9E-6744-4AA4-891B-D7E653697DD7}.Debug|Any CPU.Build.0 = Debug|Any CPU
		{2CD07A9E-6744-4AA4-891B-D7E653697DD7}.Release|Any CPU.ActiveCfg = Release|Any CPU
		{2CD07A9E-6744-4AA4-891B-D7E653697DD7}.Release|Any CPU.Build.0 = Release|Any CPU
		{4819D4E4-5AD9-44E0-B73B-9697288EECBC}.Debug|Any CPU.ActiveCfg = Debug|Any CPU
		{4819D4E4-5AD9-44E0-B73B-9697288EECBC}.Debug|Any CPU.Build.0 = Debug|Any CPU
		{4819D4E4-5AD9-44E0-B73B-9697288EECBC}.Release|Any CPU.ActiveCfg = Release|Any CPU
		{4819D4E4-5AD9-44E0-B73B-9697288EECBC}.Release|Any CPU.Build.0 = Release|Any CPU
		{48394EBB-8564-4E62-8F24-C55D873763B3}.Debug|Any CPU.ActiveCfg = Debug|Any CPU
		{48394EBB-8564-4E62-8F24-C55D873763B3}.Debug|Any CPU.Build.0 = Debug|Any CPU
		{48394EBB-8564-4E62-8F24-C55D873763B3}.Release|Any CPU.ActiveCfg = Release|Any CPU
		{48394EBB-8564-4E62-8F24-C55D873763B3}.Release|Any CPU.Build.0 = Release|Any CPU
		{5861CE4C-7130-4B7B-AAF5-640A13EAF1DA}.Debug|Any CPU.ActiveCfg = Debug|Any CPU
		{5861CE4C-7130-4B7B-AAF5-640A13EAF1DA}.Debug|Any CPU.Build.0 = Debug|Any CPU
		{5861CE4C-7130-4B7B-AAF5-640A13EAF1DA}.Release|Any CPU.ActiveCfg = Release|Any CPU
		{5861CE4C-7130-4B7B-AAF5-640A13EAF1DA}.Release|Any CPU.Build.0 = Release|Any CPU
		{5C76FD54-6416-4AC4-A360-BE4A9E580053}.Debug|Any CPU.ActiveCfg = Debug|Any CPU
		{5C76FD54-6416-4AC4-A360-BE4A9E580053}.Debug|Any CPU.Build.0 = Debug|Any CPU
		{5C76FD54-6416-4AC4-A360-BE4A9E580053}.Release|Any CPU.ActiveCfg = Release|Any CPU
		{5C76FD54-6416-4AC4-A360-BE4A9E580053}.Release|Any CPU.Build.0 = Release|Any CPU
		{6465E3D8-54F4-4DCC-B118-FBDAD4EB1D19}.Debug|Any CPU.ActiveCfg = Debug|Any CPU
		{6465E3D8-54F4-4DCC-B118-FBDAD4EB1D19}.Debug|Any CPU.Build.0 = Debug|Any CPU
		{6465E3D8-54F4-4DCC-B118-FBDAD4EB1D19}.Release|Any CPU.ActiveCfg = Release|Any CPU
		{6465E3D8-54F4-4DCC-B118-FBDAD4EB1D19}.Release|Any CPU.Build.0 = Release|Any CPU
		{BACDB92F-A795-4631-8FC7-C6599D96B1BE}.Debug|Any CPU.ActiveCfg = Debug|Any CPU
		{BACDB92F-A795-4631-8FC7-C6599D96B1BE}.Debug|Any CPU.Build.0 = Debug|Any CPU
		{BACDB92F-A795-4631-8FC7-C6599D96B1BE}.Release|Any CPU.ActiveCfg = Release|Any CPU
		{BACDB92F-A795-4631-8FC7-C6599D96B1BE}.Release|Any CPU.Build.0 = Release|Any CPU
		{C20B5498-5E79-40F9-B41F-3D74D4558E92}.Debug|Any CPU.ActiveCfg = Debug|Any CPU
		{C20B5498-5E79-40F9-B41F-3D74D4558E92}.Debug|Any CPU.Build.0 = Debug|Any CPU
		{C20B5498-5E79-40F9-B41F-3D74D4558E92}.Release|Any CPU.ActiveCfg = Release|Any CPU
		{C20B5498-5E79-40F9-B41F-3D74D4558E92}.Release|Any CPU.Build.0 = Release|Any CPU
		{CB8BE551-CB33-44A6-B793-1B266862EB25}.Debug|Any CPU.ActiveCfg = Debug|Any CPU
		{CB8BE551-CB33-44A6-B793-1B266862EB25}.Debug|Any CPU.Build.0 = Debug|Any CPU
		{CB8BE551-CB33-44A6-B793-1B266862EB25}.Release|Any CPU.ActiveCfg = Release|Any CPU
		{CB8BE551-CB33-44A6-B793-1B266862EB25}.Release|Any CPU.Build.0 = Release|Any CPU
		{CFE0139D-9C47-43FA-B5A0-DB4261824894}.Debug|Any CPU.ActiveCfg = Debug|Any CPU
		{CFE0139D-9C47-43FA-B5A0-DB4261824894}.Debug|Any CPU.Build.0 = Debug|Any CPU
		{CFE0139D-9C47-43FA-B5A0-DB4261824894}.Release|Any CPU.ActiveCfg = Release|Any CPU
		{CFE0139D-9C47-43FA-B5A0-DB4261824894}.Release|Any CPU.Build.0 = Release|Any CPU
		{D0268955-8365-4FCE-B434-4A539E3356F9}.Debug|Any CPU.ActiveCfg = Debug|Any CPU
		{D0268955-8365-4FCE-B434-4A539E3356F9}.Debug|Any CPU.Build.0 = Debug|Any CPU
		{D0268955-8365-4FCE-B434-4A539E3356F9}.Release|Any CPU.ActiveCfg = Release|Any CPU
		{D0268955-8365-4FCE-B434-4A539E3356F9}.Release|Any CPU.Build.0 = Release|Any CPU
		{D0625344-3EF4-46AA-B793-0500C3E41316}.Debug|Any CPU.ActiveCfg = Debug|Any CPU
		{D0625344-3EF4-46AA-B793-0500C3E41316}.Debug|Any CPU.Build.0 = Debug|Any CPU
		{D0625344-3EF4-46AA-B793-0500C3E41316}.Release|Any CPU.ActiveCfg = Release|Any CPU
		{D0625344-3EF4-46AA-B793-0500C3E41316}.Release|Any CPU.Build.0 = Release|Any CPU
		{D4C12028-88A8-4954-94DA-BAD26DAE52D7}.Debug|Any CPU.ActiveCfg = Debug|Any CPU
		{D4C12028-88A8-4954-94DA-BAD26DAE52D7}.Debug|Any CPU.Build.0 = Debug|Any CPU
		{D4C12028-88A8-4954-94DA-BAD26DAE52D7}.Release|Any CPU.ActiveCfg = Release|Any CPU
		{D4C12028-88A8-4954-94DA-BAD26DAE52D7}.Release|Any CPU.Build.0 = Release|Any CPU
		{D77119C2-746D-4A2D-B06B-AB2157F226E1}.Debug|Any CPU.ActiveCfg = Debug|Any CPU
		{D77119C2-746D-4A2D-B06B-AB2157F226E1}.Debug|Any CPU.Build.0 = Debug|Any CPU
		{D77119C2-746D-4A2D-B06B-AB2157F226E1}.Release|Any CPU.ActiveCfg = Release|Any CPU
		{D77119C2-746D-4A2D-B06B-AB2157F226E1}.Release|Any CPU.Build.0 = Release|Any CPU
		{F753CDF8-D013-439A-A64F-872DD29C4E2C}.Debug|Any CPU.ActiveCfg = Debug|Any CPU
		{F753CDF8-D013-439A-A64F-872DD29C4E2C}.Debug|Any CPU.Build.0 = Debug|Any CPU
		{F753CDF8-D013-439A-A64F-872DD29C4E2C}.Release|Any CPU.ActiveCfg = Release|Any CPU
		{F753CDF8-D013-439A-A64F-872DD29C4E2C}.Release|Any CPU.Build.0 = Release|Any CPU
		{F94A8436-778C-4251-AEA9-C9D98D8058FF}.Debug|Any CPU.ActiveCfg = Debug|Any CPU
		{F94A8436-778C-4251-AEA9-C9D98D8058FF}.Debug|Any CPU.Build.0 = Debug|Any CPU
		{F94A8436-778C-4251-AEA9-C9D98D8058FF}.Release|Any CPU.ActiveCfg = Release|Any CPU
		{F94A8436-778C-4251-AEA9-C9D98D8058FF}.Release|Any CPU.Build.0 = Release|Any CPU
		{F9C8FFF2-E346-4497-9168-52F1BA389CFE}.Debug|Any CPU.ActiveCfg = Debug|Any CPU
		{F9C8FFF2-E346-4497-9168-52F1BA389CFE}.Debug|Any CPU.Build.0 = Debug|Any CPU
		{F9C8FFF2-E346-4497-9168-52F1BA389CFE}.Release|Any CPU.ActiveCfg = Release|Any CPU
		{F9C8FFF2-E346-4497-9168-52F1BA389CFE}.Release|Any CPU.Build.0 = Release|Any CPU
	EndGlobalSection
	GlobalSection(MonoDevelopProperties) = preSolution
		StartupItem = NLog\NLog.csproj
	EndGlobalSection
	GlobalSection(SolutionProperties) = preSolution
		HideSolutionNode = FALSE
	EndGlobalSection
EndGlobal
