
Microsoft Visual Studio Solution File, Format Version 11.00
# Visual Studio 2010
Project("{2150E333-8FDC-42A3-9474-1A3956D46DE8}") = "File", "File", "{1FEBAFA6-6888-4ABC-94EE-CA3162AF5E02}"
EndProject
Project("{FAE04EC0-301F-11D3-BF4B-00C04F79EFBC}") = "File", "File\Simple\File.csproj", "{22DFBCFD-BDC3-4CD1-8DE5-E6872ACF7DB0}"
EndProject
Project("{FAE04EC0-301F-11D3-BF4B-00C04F79EFBC}") = "File.Archive1", "File\Archive1\File.Archive1.csproj", "{D8A33DCE-395C-4AD8-8FEC-74B8C8C74F53}"
EndProject
Project("{FAE04EC0-301F-11D3-BF4B-00C04F79EFBC}") = "File.Archive2", "File\Archive2\File.Archive2.csproj", "{97DA6A8F-CF90-4E70-986E-E0A9D7196312}"
EndProject
Project("{FAE04EC0-301F-11D3-BF4B-00C04F79EFBC}") = "File.Archive3", "File\Archive3\File.Archive3.csproj", "{400AFAB6-9354-49AB-A001-00B09235CEF1}"
EndProject
Project("{FAE04EC0-301F-11D3-BF4B-00C04F79EFBC}") = "File.Archive4", "File\Archive4\File.Archive4.csproj", "{F1BC69B4-E41C-4E72-AA57-FBF73663CAEB}"
EndProject
Project("{FAE04EC0-301F-11D3-BF4B-00C04F79EFBC}") = "File.Asynchronous", "File\Asynchronous\File.Asynchronous.csproj", "{D26A09EB-2F43-4566-B304-81CF8055AD6B}"
EndProject
Project("{FAE04EC0-301F-11D3-BF4B-00C04F79EFBC}") = "File.CSV", "File\CSV\File.CSV.csproj", "{B55FBAF5-21E0-4375-8515-0FF9622D581E}"
EndProject
Project("{FAE04EC0-301F-11D3-BF4B-00C04F79EFBC}") = "File.Multiple", "File\Multiple\File.Multiple.csproj", "{45DC6DFF-4680-4739-8DD1-3EA91C1E2F19}"
EndProject
Project("{FAE04EC0-301F-11D3-BF4B-00C04F79EFBC}") = "File.Multiple2", "File\Multiple2\File.Multiple2.csproj", "{BE090500-80BA-45B8-A22F-114167DCF774}"
EndProject
Project("{FAE04EC0-301F-11D3-BF4B-00C04F79EFBC}") = "Production", "Production\Production.csproj", "{6C7F906E-3564-46F2-9F61-FD4032C973B6}"
EndProject
Project("{FAE04EC0-301F-11D3-BF4B-00C04F79EFBC}") = "Console", "Console\Console.csproj", "{53FFA3C4-C63B-465C-AB3E-E4C3B0953AB1}"
EndProject
Project("{2150E333-8FDC-42A3-9474-1A3956D46DE8}") = "ColoredConsole", "ColoredConsole", "{AD2A766B-0E4D-409F-A399-1697C311D5F7}"
EndProject
Project("{FAE04EC0-301F-11D3-BF4B-00C04F79EFBC}") = "ColoredConsole", "ColoredConsole\Simple\ColoredConsole.csproj", "{695E7395-50BD-48BE-B1E2-7A4D21AF9F3D}"
EndProject
Project("{FAE04EC0-301F-11D3-BF4B-00C04F79EFBC}") = "ColoredConsole.WordHighlighting", "ColoredConsole\WordHighlighting\ColoredConsole.WordHighlighting.csproj", "{72FEDAC3-072E-4966-AB1E-63E07F884321}"
EndProject
Project("{FAE04EC0-301F-11D3-BF4B-00C04F79EFBC}") = "ColoredConsole.RowHighlighting", "ColoredConsole\RowHighlighting\ColoredConsole.RowHighlighting.csproj", "{71F8BD46-2468-4BD6-AE5D-7C81E56CF437}"
EndProject
Project("{2150E333-8FDC-42A3-9474-1A3956D46DE8}") = "AsyncWrapper", "AsyncWrapper", "{1A55A236-AFFB-4D46-A2F8-7BA1D208AA4E}"
EndProject
Project("{FAE04EC0-301F-11D3-BF4B-00C04F79EFBC}") = "AsyncWrapper.WrappingFile", "AsyncWrapper\WrappingFile\AsyncWrapper.WrappingFile.csproj", "{29B2985C-C196-453F-848E-7195AADAC21C}"
EndProject
Project("{2150E333-8FDC-42A3-9474-1A3956D46DE8}") = "AutoFlushWrapper", "AutoFlushWrapper", "{2EAC203F-029A-4833-8089-288FCA8A4611}"
EndProject
Project("{FAE04EC0-301F-11D3-BF4B-00C04F79EFBC}") = "AutoFlushWrapper", "AutoFlushWrapper\Simple\AutoFlushWrapper.csproj", "{5B09A92A-9C6F-4EE2-B777-94281092DEDF}"
EndProject
Project("{2150E333-8FDC-42A3-9474-1A3956D46DE8}") = "BufferingWrapper", "BufferingWrapper", "{AD3C8414-EEFF-47DF-B46E-A6639FE521D8}"
EndProject
Project("{FAE04EC0-301F-11D3-BF4B-00C04F79EFBC}") = "BufferingWrapper", "BufferingWrapper\Simple\BufferingWrapper.csproj", "{A516604C-19DE-4AED-9262-8F7271A42BFF}"
EndProject
Project("{2150E333-8FDC-42A3-9474-1A3956D46DE8}") = "Chainsaw", "Chainsaw", "{53E1D618-EEC4-46C6-AF3A-666C25BA2A24}"
EndProject
Project("{FAE04EC0-301F-11D3-BF4B-00C04F79EFBC}") = "Chainsaw", "Chainsaw\Simple\Chainsaw.csproj", "{D7B11859-2A1B-49F7-A7C7-83B72495BF31}"
EndProject
Project("{2150E333-8FDC-42A3-9474-1A3956D46DE8}") = "Database", "Database", "{3365683D-6203-4E87-853B-67C208FFE2B0}"
EndProject
Project("{FAE04EC0-301F-11D3-BF4B-00C04F79EFBC}") = "Database.MSSQL", "Database\MSSQL\Database.MSSQL.csproj", "{4399886A-6016-4290-992E-1E77A14CEE46}"
EndProject
Project("{FAE04EC0-301F-11D3-BF4B-00C04F79EFBC}") = "Database.Oracle.Native", "Database\Oracle.Native\Database.Oracle.Native.csproj", "{0A94DFDE-A128-4F83-B0D2-2D97B18BF7BA}"
EndProject
Project("{FAE04EC0-301F-11D3-BF4B-00C04F79EFBC}") = "Database.Oracle.OleDb", "Database\Oracle.OleDb\Database.Oracle.OleDb.csproj", "{74641C69-189E-4F3E-B521-32BDC1121E5F}"
EndProject
Project("{2150E333-8FDC-42A3-9474-1A3956D46DE8}") = "Debugger", "Debugger", "{63EB4443-F9F5-41B3-98B1-BF9508BD45F3}"
EndProject
Project("{FAE04EC0-301F-11D3-BF4B-00C04F79EFBC}") = "Debugger", "Debugger\Simple\Debugger.csproj", "{7720B322-2AFF-45C4-AF9A-EAB12BCFAFCE}"
EndProject
Project("{2150E333-8FDC-42A3-9474-1A3956D46DE8}") = "EventLog", "EventLog", "{B7B6C290-D25C-423D-B824-24B59076132B}"
EndProject
Project("{FAE04EC0-301F-11D3-BF4B-00C04F79EFBC}") = "EventLog", "EventLog\Simple\EventLog.csproj", "{D7347273-CF36-4A75-B324-90D4644D9287}"
EndProject
Project("{2150E333-8FDC-42A3-9474-1A3956D46DE8}") = "FilteringWrapper", "FilteringWrapper", "{27570FE5-012D-414E-B56B-0E9B47280252}"
EndProject
Project("{FAE04EC0-301F-11D3-BF4B-00C04F79EFBC}") = "FilteringWrapper", "FilteringWrapper\Simple\FilteringWrapper.csproj", "{BFEDB63A-1A05-4A51-B7C2-C59DE01BC617}"
EndProject
Project("{2150E333-8FDC-42A3-9474-1A3956D46DE8}") = "FormControl", "FormControl", "{DF3EF4F4-770F-4E39-B2D6-9AF9C0DF1D1E}"
EndProject
Project("{FAE04EC0-301F-11D3-BF4B-00C04F79EFBC}") = "FormControl", "FormControl\FormControl.csproj", "{20449142-40C3-4B1D-8F7C-2D3ED924FDA7}"
EndProject
Project("{2150E333-8FDC-42A3-9474-1A3956D46DE8}") = "NLog", "NLog", "{AC16D1ED-96A9-49CF-8012-84A615C77148}"
EndProject
Project("{FAE04EC0-301F-11D3-BF4B-00C04F79EFBC}") = "NLog", "..\..\NLog\NLog.csproj", "{CB8BE551-CB33-44A6-B793-1B266862EB25}"
EndProject
Project("{FAE04EC0-301F-11D3-BF4B-00C04F79EFBC}") = "Database", "..\..\Database\Database.csproj", "{BACDB92F-A795-4631-8FC7-C6599D96B1BE}"
EndProject
Project("{FAE04EC0-301F-11D3-BF4B-00C04F79EFBC}") = "Network", "..\..\Network\Network.csproj", "{C20B5498-5E79-40F9-B41F-3D74D4558E92}"
EndProject
Project("{FAE04EC0-301F-11D3-BF4B-00C04F79EFBC}") = "WinForm", "..\..\WinForm\WinForm.csproj", "{D77119C2-746D-4A2D-B06B-AB2157F226E1}"
EndProject
Project("{2150E333-8FDC-42A3-9474-1A3956D46DE8}") = "Network", "Network", "{CCB4A615-BA7C-46B6-8021-C44A7725E8FD}"
EndProject
Project("{FAE04EC0-301F-11D3-BF4B-00C04F79EFBC}") = "Network", "Network\Simple\Network.csproj", "{1D3835B8-779E-4053-B03E-AC5292A48FF0}"
EndProject
Project("{2150E333-8FDC-42A3-9474-1A3956D46DE8}") = "Mail", "Mail", "{A51EA9F5-2613-4C0D-B4D2-98E1D2431493}"
EndProject
Project("{2150E333-8FDC-42A3-9474-1A3956D46DE8}") = "Memory", "Memory", "{A9300E59-0AD7-4BD3-AA2E-934F746C797D}"
EndProject
Project("{2150E333-8FDC-42A3-9474-1A3956D46DE8}") = "MessageBox", "MessageBox", "{3B310040-4265-4682-8C54-DD2801CA3C1C}"
EndProject
Project("{2150E333-8FDC-42A3-9474-1A3956D46DE8}") = "MethodCall", "MethodCall", "{455285D3-51FE-4413-BA2E-0351A2FBE0FE}"
EndProject
Project("{2150E333-8FDC-42A3-9474-1A3956D46DE8}") = "MSMQ", "MSMQ", "{D167FD4B-94BC-4B88-B966-6BAF36344D9F}"
EndProject
Project("{2150E333-8FDC-42A3-9474-1A3956D46DE8}") = "NLogViewer", "NLogViewer", "{DD9D8B29-94F4-4B9A-AA5F-DA4099CC5884}"
EndProject
Project("{2150E333-8FDC-42A3-9474-1A3956D46DE8}") = "Null", "Null", "{42C112FF-C5E1-49EE-BEE1-4C719CE3DBC9}"
EndProject
Project("{2150E333-8FDC-42A3-9474-1A3956D46DE8}") = "OutputDebugString", "OutputDebugString", "{CF18E81C-806C-4290-A4E6-EE91D85E4110}"
EndProject
Project("{2150E333-8FDC-42A3-9474-1A3956D46DE8}") = "PerfCounter", "PerfCounter", "{734BC659-78B7-4CAD-94D3-E2AD5CEB743A}"
EndProject
Project("{2150E333-8FDC-42A3-9474-1A3956D46DE8}") = "RandomizeGroup", "RandomizeGroup", "{1E6EF1AA-032A-4C63-AA4E-641774058481}"
EndProject
Project("{2150E333-8FDC-42A3-9474-1A3956D46DE8}") = "RetryingWrapper", "RetryingWrapper", "{9C489F56-F963-43B2-93F6-996AE5789C3D}"
EndProject
Project("{2150E333-8FDC-42A3-9474-1A3956D46DE8}") = "PostFilteringWrapper", "PostFilteringWrapper", "{BAE03845-1E71-4CFC-9D9A-634CB9B648FF}"
EndProject
Project("{2150E333-8FDC-42A3-9474-1A3956D46DE8}") = "RepeatingWrapper", "RepeatingWrapper", "{72B693E3-2FC5-4260-B41A-D6B5FCFF0332}"
EndProject
Project("{2150E333-8FDC-42A3-9474-1A3956D46DE8}") = "RichTextBox", "RichTextBox", "{03EAD6AD-BF1F-4AF5-983B-C57853A9B6F7}"
EndProject
Project("{2150E333-8FDC-42A3-9474-1A3956D46DE8}") = "RoundRobinGroup", "RoundRobinGroup", "{6AC8640E-F064-4C26-AC8E-153DAD60A387}"
EndProject
Project("{2150E333-8FDC-42A3-9474-1A3956D46DE8}") = "SplitGroup", "SplitGroup", "{4192F7A5-3468-4F99-87EF-7C26F48CFB61}"
EndProject
Project("{2150E333-8FDC-42A3-9474-1A3956D46DE8}") = "Trace", "Trace", "{4769AAB4-6534-48AF-9AF9-74E0086CBCEF}"
EndProject
Project("{2150E333-8FDC-42A3-9474-1A3956D46DE8}") = "WebService", "WebService", "{CD976743-D98C-4DDC-A953-7E26709541F8}"
EndProject
Project("{FAE04EC0-301F-11D3-BF4B-00C04F79EFBC}") = "Mail", "Mail\Simple\Mail.csproj", "{4132306C-EA25-4073-BFD5-BEBD9A88B600}"
EndProject
Project("{FAE04EC0-301F-11D3-BF4B-00C04F79EFBC}") = "Mail.Buffered", "Mail\Buffered\Mail.Buffered.csproj", "{4D14B05B-437D-4D83-A52E-526DEBF68999}"
EndProject
Project("{FAE04EC0-301F-11D3-BF4B-00C04F79EFBC}") = "Memory", "Memory\Simple\Memory.csproj", "{4D71290B-65DC-4442-BE06-1CEBE07A26AC}"
EndProject
Project("{FAE04EC0-301F-11D3-BF4B-00C04F79EFBC}") = "MessageBox", "MessageBox\Simple\MessageBox.csproj", "{26FC5FD6-F4E9-4E0F-BB0D-492AAE98D880}"
EndProject
Project("{FAE04EC0-301F-11D3-BF4B-00C04F79EFBC}") = "MethodCall", "MethodCall\Simple\MethodCall.csproj", "{8D851E55-9D32-4C20-A9CE-C1A35175D06E}"
EndProject
Project("{FAE04EC0-301F-11D3-BF4B-00C04F79EFBC}") = "MSMQ.MultipleQueues", "MSMQ\MultipleQueues\MSMQ.MultipleQueues.csproj", "{18924A56-9ACA-4835-887B-3F8956DA7391}"
EndProject
Project("{FAE04EC0-301F-11D3-BF4B-00C04F79EFBC}") = "MSMQ", "MSMQ\Simple\MSMQ.csproj", "{5D70009B-698D-4A42-99F8-6C4CEE500AD8}"
EndProject
Project("{FAE04EC0-301F-11D3-BF4B-00C04F79EFBC}") = "NLogViewer", "NLogViewer\Simple\NLogViewer.csproj", "{36E8A9EF-C91F-443A-9FEF-B2AB27E3628A}"
EndProject
Project("{FAE04EC0-301F-11D3-BF4B-00C04F79EFBC}") = "Null", "Null\Simple\Null.csproj", "{D32BF09E-4214-42B3-AB66-C6CAE9C3CEB1}"
EndProject
Project("{FAE04EC0-301F-11D3-BF4B-00C04F79EFBC}") = "OutputDebugString", "OutputDebugString\Simple\OutputDebugString.csproj", "{670A30F5-4957-4E96-9677-71A2A40975BA}"
EndProject
Project("{FAE04EC0-301F-11D3-BF4B-00C04F79EFBC}") = "PerfCounter", "PerfCounter\Simple\PerfCounter.csproj", "{4C16C5D0-BB26-4639-8A2A-AEFCE8D3E5D6}"
EndProject
Project("{FAE04EC0-301F-11D3-BF4B-00C04F79EFBC}") = "PostFilteringWrapper", "PostFilteringWrapper\Simple\PostFilteringWrapper.csproj", "{B259D6E2-5376-42C1-8D05-6107BA9D1B0C}"
EndProject
Project("{FAE04EC0-301F-11D3-BF4B-00C04F79EFBC}") = "RandomizeGroup", "RandomizeGroup\Simple\RandomizeGroup.csproj", "{DE1A0AAC-8832-429D-90D2-360C11ADA8CE}"
EndProject
Project("{FAE04EC0-301F-11D3-BF4B-00C04F79EFBC}") = "RepeatingWrapper", "RepeatingWrapper\Simple\RepeatingWrapper.csproj", "{F7F3F62B-96E4-4FB9-8923-FB883E87520F}"
EndProject
Project("{FAE04EC0-301F-11D3-BF4B-00C04F79EFBC}") = "RetryingWrapper", "RetryingWrapper\Simple\RetryingWrapper.csproj", "{B2529445-C84E-4E3F-B4D7-651E9C195D39}"
EndProject
Project("{FAE04EC0-301F-11D3-BF4B-00C04F79EFBC}") = "RichTextBox", "RichTextBox\Simple\RichTextBox.csproj", "{C6308AED-8472-4CCA-B49C-4AE9EBCE9DC8}"
EndProject
Project("{FAE04EC0-301F-11D3-BF4B-00C04F79EFBC}") = "RichTextBox.RowColoring", "RichTextBox\RowColoring\RichTextBox.RowColoring.csproj", "{0D0CED51-E850-4107-81F8-910F234E0F81}"
EndProject
Project("{FAE04EC0-301F-11D3-BF4B-00C04F79EFBC}") = "RichTextBox.WordColoring", "RichTextBox\WordColoring\RichTextBox.WordColoring.csproj", "{7582650C-2D27-4AB1-9E2F-A93084A2AC79}"
EndProject
Project("{FAE04EC0-301F-11D3-BF4B-00C04F79EFBC}") = "RoundRobinGroup", "RoundRobinGroup\Simple\RoundRobinGroup.csproj", "{67EE6098-74A6-456F-8D27-C0D38D0A9B22}"
EndProject
Project("{FAE04EC0-301F-11D3-BF4B-00C04F79EFBC}") = "SplitGroup", "SplitGroup\Simple\SplitGroup.csproj", "{6C8815D6-62F5-4DED-AE3F-0AF4D0178CDB}"
EndProject
Project("{FAE04EC0-301F-11D3-BF4B-00C04F79EFBC}") = "Trace", "Trace\Simple\Trace.csproj", "{DE02AB34-33D1-42CA-A3F0-68F4B1BF98B1}"
EndProject
Project("{FAE04EC0-301F-11D3-BF4B-00C04F79EFBC}") = "WebService", "WebService\Simple\WebService.csproj", "{70F18C83-2063-4D7F-96A9-4B1DA6752C95}"
EndProject
Project("{FAE04EC0-301F-11D3-BF4B-00C04F79EFBC}") = "AspNet", "..\..\AspNet\AspNet.csproj", "{5861CE4C-7130-4B7B-AAF5-640A13EAF1DA}"
EndProject
Global
	GlobalSection(SolutionConfigurationPlatforms) = preSolution
		Debug|Any CPU = Debug|Any CPU
		Release|Any CPU = Release|Any CPU
	EndGlobalSection
	GlobalSection(ProjectConfigurationPlatforms) = postSolution
		{22DFBCFD-BDC3-4CD1-8DE5-E6872ACF7DB0}.Debug|Any CPU.ActiveCfg = Debug|Any CPU
		{22DFBCFD-BDC3-4CD1-8DE5-E6872ACF7DB0}.Debug|Any CPU.Build.0 = Debug|Any CPU
		{22DFBCFD-BDC3-4CD1-8DE5-E6872ACF7DB0}.Release|Any CPU.ActiveCfg = Release|Any CPU
		{22DFBCFD-BDC3-4CD1-8DE5-E6872ACF7DB0}.Release|Any CPU.Build.0 = Release|Any CPU
		{D8A33DCE-395C-4AD8-8FEC-74B8C8C74F53}.Debug|Any CPU.ActiveCfg = Debug|Any CPU
		{D8A33DCE-395C-4AD8-8FEC-74B8C8C74F53}.Debug|Any CPU.Build.0 = Debug|Any CPU
		{D8A33DCE-395C-4AD8-8FEC-74B8C8C74F53}.Release|Any CPU.ActiveCfg = Release|Any CPU
		{D8A33DCE-395C-4AD8-8FEC-74B8C8C74F53}.Release|Any CPU.Build.0 = Release|Any CPU
		{97DA6A8F-CF90-4E70-986E-E0A9D7196312}.Debug|Any CPU.ActiveCfg = Debug|Any CPU
		{97DA6A8F-CF90-4E70-986E-E0A9D7196312}.Debug|Any CPU.Build.0 = Debug|Any CPU
		{97DA6A8F-CF90-4E70-986E-E0A9D7196312}.Release|Any CPU.ActiveCfg = Release|Any CPU
		{97DA6A8F-CF90-4E70-986E-E0A9D7196312}.Release|Any CPU.Build.0 = Release|Any CPU
		{400AFAB6-9354-49AB-A001-00B09235CEF1}.Debug|Any CPU.ActiveCfg = Debug|Any CPU
		{400AFAB6-9354-49AB-A001-00B09235CEF1}.Debug|Any CPU.Build.0 = Debug|Any CPU
		{400AFAB6-9354-49AB-A001-00B09235CEF1}.Release|Any CPU.ActiveCfg = Release|Any CPU
		{400AFAB6-9354-49AB-A001-00B09235CEF1}.Release|Any CPU.Build.0 = Release|Any CPU
		{F1BC69B4-E41C-4E72-AA57-FBF73663CAEB}.Debug|Any CPU.ActiveCfg = Debug|Any CPU
		{F1BC69B4-E41C-4E72-AA57-FBF73663CAEB}.Debug|Any CPU.Build.0 = Debug|Any CPU
		{F1BC69B4-E41C-4E72-AA57-FBF73663CAEB}.Release|Any CPU.ActiveCfg = Release|Any CPU
		{F1BC69B4-E41C-4E72-AA57-FBF73663CAEB}.Release|Any CPU.Build.0 = Release|Any CPU
		{D26A09EB-2F43-4566-B304-81CF8055AD6B}.Debug|Any CPU.ActiveCfg = Debug|Any CPU
		{D26A09EB-2F43-4566-B304-81CF8055AD6B}.Debug|Any CPU.Build.0 = Debug|Any CPU
		{D26A09EB-2F43-4566-B304-81CF8055AD6B}.Release|Any CPU.ActiveCfg = Release|Any CPU
		{D26A09EB-2F43-4566-B304-81CF8055AD6B}.Release|Any CPU.Build.0 = Release|Any CPU
		{B55FBAF5-21E0-4375-8515-0FF9622D581E}.Debug|Any CPU.ActiveCfg = Debug|Any CPU
		{B55FBAF5-21E0-4375-8515-0FF9622D581E}.Debug|Any CPU.Build.0 = Debug|Any CPU
		{B55FBAF5-21E0-4375-8515-0FF9622D581E}.Release|Any CPU.ActiveCfg = Release|Any CPU
		{B55FBAF5-21E0-4375-8515-0FF9622D581E}.Release|Any CPU.Build.0 = Release|Any CPU
		{45DC6DFF-4680-4739-8DD1-3EA91C1E2F19}.Debug|Any CPU.ActiveCfg = Debug|Any CPU
		{45DC6DFF-4680-4739-8DD1-3EA91C1E2F19}.Debug|Any CPU.Build.0 = Debug|Any CPU
		{45DC6DFF-4680-4739-8DD1-3EA91C1E2F19}.Release|Any CPU.ActiveCfg = Release|Any CPU
		{45DC6DFF-4680-4739-8DD1-3EA91C1E2F19}.Release|Any CPU.Build.0 = Release|Any CPU
		{BE090500-80BA-45B8-A22F-114167DCF774}.Debug|Any CPU.ActiveCfg = Debug|Any CPU
		{BE090500-80BA-45B8-A22F-114167DCF774}.Debug|Any CPU.Build.0 = Debug|Any CPU
		{BE090500-80BA-45B8-A22F-114167DCF774}.Release|Any CPU.ActiveCfg = Release|Any CPU
		{BE090500-80BA-45B8-A22F-114167DCF774}.Release|Any CPU.Build.0 = Release|Any CPU
		{6C7F906E-3564-46F2-9F61-FD4032C973B6}.Debug|Any CPU.ActiveCfg = Debug|Any CPU
		{6C7F906E-3564-46F2-9F61-FD4032C973B6}.Debug|Any CPU.Build.0 = Debug|Any CPU
		{6C7F906E-3564-46F2-9F61-FD4032C973B6}.Release|Any CPU.ActiveCfg = Release|Any CPU
		{6C7F906E-3564-46F2-9F61-FD4032C973B6}.Release|Any CPU.Build.0 = Release|Any CPU
		{53FFA3C4-C63B-465C-AB3E-E4C3B0953AB1}.Debug|Any CPU.ActiveCfg = Debug|Any CPU
		{53FFA3C4-C63B-465C-AB3E-E4C3B0953AB1}.Debug|Any CPU.Build.0 = Debug|Any CPU
		{53FFA3C4-C63B-465C-AB3E-E4C3B0953AB1}.Release|Any CPU.ActiveCfg = Release|Any CPU
		{53FFA3C4-C63B-465C-AB3E-E4C3B0953AB1}.Release|Any CPU.Build.0 = Release|Any CPU
		{695E7395-50BD-48BE-B1E2-7A4D21AF9F3D}.Debug|Any CPU.ActiveCfg = Debug|Any CPU
		{695E7395-50BD-48BE-B1E2-7A4D21AF9F3D}.Debug|Any CPU.Build.0 = Debug|Any CPU
		{695E7395-50BD-48BE-B1E2-7A4D21AF9F3D}.Release|Any CPU.ActiveCfg = Release|Any CPU
		{695E7395-50BD-48BE-B1E2-7A4D21AF9F3D}.Release|Any CPU.Build.0 = Release|Any CPU
		{72FEDAC3-072E-4966-AB1E-63E07F884321}.Debug|Any CPU.ActiveCfg = Debug|Any CPU
		{72FEDAC3-072E-4966-AB1E-63E07F884321}.Debug|Any CPU.Build.0 = Debug|Any CPU
		{72FEDAC3-072E-4966-AB1E-63E07F884321}.Release|Any CPU.ActiveCfg = Release|Any CPU
		{72FEDAC3-072E-4966-AB1E-63E07F884321}.Release|Any CPU.Build.0 = Release|Any CPU
		{71F8BD46-2468-4BD6-AE5D-7C81E56CF437}.Debug|Any CPU.ActiveCfg = Debug|Any CPU
		{71F8BD46-2468-4BD6-AE5D-7C81E56CF437}.Debug|Any CPU.Build.0 = Debug|Any CPU
		{71F8BD46-2468-4BD6-AE5D-7C81E56CF437}.Release|Any CPU.ActiveCfg = Release|Any CPU
		{71F8BD46-2468-4BD6-AE5D-7C81E56CF437}.Release|Any CPU.Build.0 = Release|Any CPU
		{29B2985C-C196-453F-848E-7195AADAC21C}.Debug|Any CPU.ActiveCfg = Debug|Any CPU
		{29B2985C-C196-453F-848E-7195AADAC21C}.Debug|Any CPU.Build.0 = Debug|Any CPU
		{29B2985C-C196-453F-848E-7195AADAC21C}.Release|Any CPU.ActiveCfg = Release|Any CPU
		{29B2985C-C196-453F-848E-7195AADAC21C}.Release|Any CPU.Build.0 = Release|Any CPU
		{5B09A92A-9C6F-4EE2-B777-94281092DEDF}.Debug|Any CPU.ActiveCfg = Debug|Any CPU
		{5B09A92A-9C6F-4EE2-B777-94281092DEDF}.Debug|Any CPU.Build.0 = Debug|Any CPU
		{5B09A92A-9C6F-4EE2-B777-94281092DEDF}.Release|Any CPU.ActiveCfg = Release|Any CPU
		{5B09A92A-9C6F-4EE2-B777-94281092DEDF}.Release|Any CPU.Build.0 = Release|Any CPU
		{A516604C-19DE-4AED-9262-8F7271A42BFF}.Debug|Any CPU.ActiveCfg = Debug|Any CPU
		{A516604C-19DE-4AED-9262-8F7271A42BFF}.Debug|Any CPU.Build.0 = Debug|Any CPU
		{A516604C-19DE-4AED-9262-8F7271A42BFF}.Release|Any CPU.ActiveCfg = Release|Any CPU
		{A516604C-19DE-4AED-9262-8F7271A42BFF}.Release|Any CPU.Build.0 = Release|Any CPU
		{D7B11859-2A1B-49F7-A7C7-83B72495BF31}.Debug|Any CPU.ActiveCfg = Debug|Any CPU
		{D7B11859-2A1B-49F7-A7C7-83B72495BF31}.Debug|Any CPU.Build.0 = Debug|Any CPU
		{D7B11859-2A1B-49F7-A7C7-83B72495BF31}.Release|Any CPU.ActiveCfg = Release|Any CPU
		{D7B11859-2A1B-49F7-A7C7-83B72495BF31}.Release|Any CPU.Build.0 = Release|Any CPU
		{4399886A-6016-4290-992E-1E77A14CEE46}.Debug|Any CPU.ActiveCfg = Debug|Any CPU
		{4399886A-6016-4290-992E-1E77A14CEE46}.Debug|Any CPU.Build.0 = Debug|Any CPU
		{4399886A-6016-4290-992E-1E77A14CEE46}.Release|Any CPU.ActiveCfg = Release|Any CPU
		{4399886A-6016-4290-992E-1E77A14CEE46}.Release|Any CPU.Build.0 = Release|Any CPU
		{0A94DFDE-A128-4F83-B0D2-2D97B18BF7BA}.Debug|Any CPU.ActiveCfg = Debug|Any CPU
		{0A94DFDE-A128-4F83-B0D2-2D97B18BF7BA}.Debug|Any CPU.Build.0 = Debug|Any CPU
		{0A94DFDE-A128-4F83-B0D2-2D97B18BF7BA}.Release|Any CPU.ActiveCfg = Release|Any CPU
		{0A94DFDE-A128-4F83-B0D2-2D97B18BF7BA}.Release|Any CPU.Build.0 = Release|Any CPU
		{74641C69-189E-4F3E-B521-32BDC1121E5F}.Debug|Any CPU.ActiveCfg = Debug|Any CPU
		{74641C69-189E-4F3E-B521-32BDC1121E5F}.Debug|Any CPU.Build.0 = Debug|Any CPU
		{74641C69-189E-4F3E-B521-32BDC1121E5F}.Release|Any CPU.ActiveCfg = Release|Any CPU
		{74641C69-189E-4F3E-B521-32BDC1121E5F}.Release|Any CPU.Build.0 = Release|Any CPU
		{7720B322-2AFF-45C4-AF9A-EAB12BCFAFCE}.Debug|Any CPU.ActiveCfg = Debug|Any CPU
		{7720B322-2AFF-45C4-AF9A-EAB12BCFAFCE}.Debug|Any CPU.Build.0 = Debug|Any CPU
		{7720B322-2AFF-45C4-AF9A-EAB12BCFAFCE}.Release|Any CPU.ActiveCfg = Release|Any CPU
		{7720B322-2AFF-45C4-AF9A-EAB12BCFAFCE}.Release|Any CPU.Build.0 = Release|Any CPU
		{D7347273-CF36-4A75-B324-90D4644D9287}.Debug|Any CPU.ActiveCfg = Debug|Any CPU
		{D7347273-CF36-4A75-B324-90D4644D9287}.Debug|Any CPU.Build.0 = Debug|Any CPU
		{D7347273-CF36-4A75-B324-90D4644D9287}.Release|Any CPU.ActiveCfg = Release|Any CPU
		{D7347273-CF36-4A75-B324-90D4644D9287}.Release|Any CPU.Build.0 = Release|Any CPU
		{BFEDB63A-1A05-4A51-B7C2-C59DE01BC617}.Debug|Any CPU.ActiveCfg = Debug|Any CPU
		{BFEDB63A-1A05-4A51-B7C2-C59DE01BC617}.Debug|Any CPU.Build.0 = Debug|Any CPU
		{BFEDB63A-1A05-4A51-B7C2-C59DE01BC617}.Release|Any CPU.ActiveCfg = Release|Any CPU
		{BFEDB63A-1A05-4A51-B7C2-C59DE01BC617}.Release|Any CPU.Build.0 = Release|Any CPU
		{20449142-40C3-4B1D-8F7C-2D3ED924FDA7}.Debug|Any CPU.ActiveCfg = Debug|Any CPU
		{20449142-40C3-4B1D-8F7C-2D3ED924FDA7}.Debug|Any CPU.Build.0 = Debug|Any CPU
		{20449142-40C3-4B1D-8F7C-2D3ED924FDA7}.Release|Any CPU.ActiveCfg = Release|Any CPU
		{20449142-40C3-4B1D-8F7C-2D3ED924FDA7}.Release|Any CPU.Build.0 = Release|Any CPU
		{CB8BE551-CB33-44A6-B793-1B266862EB25}.Debug|Any CPU.ActiveCfg = Debug|Any CPU
		{CB8BE551-CB33-44A6-B793-1B266862EB25}.Debug|Any CPU.Build.0 = Debug|Any CPU
		{CB8BE551-CB33-44A6-B793-1B266862EB25}.Release|Any CPU.ActiveCfg = Release|Any CPU
		{CB8BE551-CB33-44A6-B793-1B266862EB25}.Release|Any CPU.Build.0 = Release|Any CPU
		{BACDB92F-A795-4631-8FC7-C6599D96B1BE}.Debug|Any CPU.ActiveCfg = Debug|Any CPU
		{BACDB92F-A795-4631-8FC7-C6599D96B1BE}.Debug|Any CPU.Build.0 = Debug|Any CPU
		{BACDB92F-A795-4631-8FC7-C6599D96B1BE}.Release|Any CPU.ActiveCfg = Release|Any CPU
		{BACDB92F-A795-4631-8FC7-C6599D96B1BE}.Release|Any CPU.Build.0 = Release|Any CPU
		{C20B5498-5E79-40F9-B41F-3D74D4558E92}.Debug|Any CPU.ActiveCfg = Debug|Any CPU
		{C20B5498-5E79-40F9-B41F-3D74D4558E92}.Debug|Any CPU.Build.0 = Debug|Any CPU
		{C20B5498-5E79-40F9-B41F-3D74D4558E92}.Release|Any CPU.ActiveCfg = Release|Any CPU
		{C20B5498-5E79-40F9-B41F-3D74D4558E92}.Release|Any CPU.Build.0 = Release|Any CPU
		{D77119C2-746D-4A2D-B06B-AB2157F226E1}.Debug|Any CPU.ActiveCfg = Debug|Any CPU
		{D77119C2-746D-4A2D-B06B-AB2157F226E1}.Debug|Any CPU.Build.0 = Debug|Any CPU
		{D77119C2-746D-4A2D-B06B-AB2157F226E1}.Release|Any CPU.ActiveCfg = Release|Any CPU
		{D77119C2-746D-4A2D-B06B-AB2157F226E1}.Release|Any CPU.Build.0 = Release|Any CPU
		{1D3835B8-779E-4053-B03E-AC5292A48FF0}.Debug|Any CPU.ActiveCfg = Debug|Any CPU
		{1D3835B8-779E-4053-B03E-AC5292A48FF0}.Debug|Any CPU.Build.0 = Debug|Any CPU
		{1D3835B8-779E-4053-B03E-AC5292A48FF0}.Release|Any CPU.ActiveCfg = Release|Any CPU
		{1D3835B8-779E-4053-B03E-AC5292A48FF0}.Release|Any CPU.Build.0 = Release|Any CPU
		{4132306C-EA25-4073-BFD5-BEBD9A88B600}.Debug|Any CPU.ActiveCfg = Debug|Any CPU
		{4132306C-EA25-4073-BFD5-BEBD9A88B600}.Debug|Any CPU.Build.0 = Debug|Any CPU
		{4132306C-EA25-4073-BFD5-BEBD9A88B600}.Release|Any CPU.ActiveCfg = Release|Any CPU
		{4132306C-EA25-4073-BFD5-BEBD9A88B600}.Release|Any CPU.Build.0 = Release|Any CPU
		{4D14B05B-437D-4D83-A52E-526DEBF68999}.Debug|Any CPU.ActiveCfg = Debug|Any CPU
		{4D14B05B-437D-4D83-A52E-526DEBF68999}.Debug|Any CPU.Build.0 = Debug|Any CPU
		{4D14B05B-437D-4D83-A52E-526DEBF68999}.Release|Any CPU.ActiveCfg = Release|Any CPU
		{4D14B05B-437D-4D83-A52E-526DEBF68999}.Release|Any CPU.Build.0 = Release|Any CPU
		{4D71290B-65DC-4442-BE06-1CEBE07A26AC}.Debug|Any CPU.ActiveCfg = Debug|Any CPU
		{4D71290B-65DC-4442-BE06-1CEBE07A26AC}.Debug|Any CPU.Build.0 = Debug|Any CPU
		{4D71290B-65DC-4442-BE06-1CEBE07A26AC}.Release|Any CPU.ActiveCfg = Release|Any CPU
		{4D71290B-65DC-4442-BE06-1CEBE07A26AC}.Release|Any CPU.Build.0 = Release|Any CPU
		{26FC5FD6-F4E9-4E0F-BB0D-492AAE98D880}.Debug|Any CPU.ActiveCfg = Debug|Any CPU
		{26FC5FD6-F4E9-4E0F-BB0D-492AAE98D880}.Debug|Any CPU.Build.0 = Debug|Any CPU
		{26FC5FD6-F4E9-4E0F-BB0D-492AAE98D880}.Release|Any CPU.ActiveCfg = Release|Any CPU
		{26FC5FD6-F4E9-4E0F-BB0D-492AAE98D880}.Release|Any CPU.Build.0 = Release|Any CPU
		{8D851E55-9D32-4C20-A9CE-C1A35175D06E}.Debug|Any CPU.ActiveCfg = Debug|Any CPU
		{8D851E55-9D32-4C20-A9CE-C1A35175D06E}.Debug|Any CPU.Build.0 = Debug|Any CPU
		{8D851E55-9D32-4C20-A9CE-C1A35175D06E}.Release|Any CPU.ActiveCfg = Release|Any CPU
		{8D851E55-9D32-4C20-A9CE-C1A35175D06E}.Release|Any CPU.Build.0 = Release|Any CPU
		{18924A56-9ACA-4835-887B-3F8956DA7391}.Debug|Any CPU.ActiveCfg = Debug|Any CPU
		{18924A56-9ACA-4835-887B-3F8956DA7391}.Debug|Any CPU.Build.0 = Debug|Any CPU
		{18924A56-9ACA-4835-887B-3F8956DA7391}.Release|Any CPU.ActiveCfg = Release|Any CPU
		{18924A56-9ACA-4835-887B-3F8956DA7391}.Release|Any CPU.Build.0 = Release|Any CPU
		{5D70009B-698D-4A42-99F8-6C4CEE500AD8}.Debug|Any CPU.ActiveCfg = Debug|Any CPU
		{5D70009B-698D-4A42-99F8-6C4CEE500AD8}.Debug|Any CPU.Build.0 = Debug|Any CPU
		{5D70009B-698D-4A42-99F8-6C4CEE500AD8}.Release|Any CPU.ActiveCfg = Release|Any CPU
		{5D70009B-698D-4A42-99F8-6C4CEE500AD8}.Release|Any CPU.Build.0 = Release|Any CPU
		{36E8A9EF-C91F-443A-9FEF-B2AB27E3628A}.Debug|Any CPU.ActiveCfg = Debug|Any CPU
		{36E8A9EF-C91F-443A-9FEF-B2AB27E3628A}.Debug|Any CPU.Build.0 = Debug|Any CPU
		{36E8A9EF-C91F-443A-9FEF-B2AB27E3628A}.Release|Any CPU.ActiveCfg = Release|Any CPU
		{36E8A9EF-C91F-443A-9FEF-B2AB27E3628A}.Release|Any CPU.Build.0 = Release|Any CPU
		{D32BF09E-4214-42B3-AB66-C6CAE9C3CEB1}.Debug|Any CPU.ActiveCfg = Debug|Any CPU
		{D32BF09E-4214-42B3-AB66-C6CAE9C3CEB1}.Debug|Any CPU.Build.0 = Debug|Any CPU
		{D32BF09E-4214-42B3-AB66-C6CAE9C3CEB1}.Release|Any CPU.ActiveCfg = Release|Any CPU
		{D32BF09E-4214-42B3-AB66-C6CAE9C3CEB1}.Release|Any CPU.Build.0 = Release|Any CPU
		{670A30F5-4957-4E96-9677-71A2A40975BA}.Debug|Any CPU.ActiveCfg = Debug|Any CPU
		{670A30F5-4957-4E96-9677-71A2A40975BA}.Debug|Any CPU.Build.0 = Debug|Any CPU
		{670A30F5-4957-4E96-9677-71A2A40975BA}.Release|Any CPU.ActiveCfg = Release|Any CPU
		{670A30F5-4957-4E96-9677-71A2A40975BA}.Release|Any CPU.Build.0 = Release|Any CPU
		{4C16C5D0-BB26-4639-8A2A-AEFCE8D3E5D6}.Debug|Any CPU.ActiveCfg = Debug|Any CPU
		{4C16C5D0-BB26-4639-8A2A-AEFCE8D3E5D6}.Debug|Any CPU.Build.0 = Debug|Any CPU
		{4C16C5D0-BB26-4639-8A2A-AEFCE8D3E5D6}.Release|Any CPU.ActiveCfg = Release|Any CPU
		{4C16C5D0-BB26-4639-8A2A-AEFCE8D3E5D6}.Release|Any CPU.Build.0 = Release|Any CPU
		{B259D6E2-5376-42C1-8D05-6107BA9D1B0C}.Debug|Any CPU.ActiveCfg = Debug|Any CPU
		{B259D6E2-5376-42C1-8D05-6107BA9D1B0C}.Debug|Any CPU.Build.0 = Debug|Any CPU
		{B259D6E2-5376-42C1-8D05-6107BA9D1B0C}.Release|Any CPU.ActiveCfg = Release|Any CPU
		{B259D6E2-5376-42C1-8D05-6107BA9D1B0C}.Release|Any CPU.Build.0 = Release|Any CPU
		{DE1A0AAC-8832-429D-90D2-360C11ADA8CE}.Debug|Any CPU.ActiveCfg = Debug|Any CPU
		{DE1A0AAC-8832-429D-90D2-360C11ADA8CE}.Debug|Any CPU.Build.0 = Debug|Any CPU
		{DE1A0AAC-8832-429D-90D2-360C11ADA8CE}.Release|Any CPU.ActiveCfg = Release|Any CPU
		{DE1A0AAC-8832-429D-90D2-360C11ADA8CE}.Release|Any CPU.Build.0 = Release|Any CPU
		{F7F3F62B-96E4-4FB9-8923-FB883E87520F}.Debug|Any CPU.ActiveCfg = Debug|Any CPU
		{F7F3F62B-96E4-4FB9-8923-FB883E87520F}.Debug|Any CPU.Build.0 = Debug|Any CPU
		{F7F3F62B-96E4-4FB9-8923-FB883E87520F}.Release|Any CPU.ActiveCfg = Release|Any CPU
		{F7F3F62B-96E4-4FB9-8923-FB883E87520F}.Release|Any CPU.Build.0 = Release|Any CPU
		{B2529445-C84E-4E3F-B4D7-651E9C195D39}.Debug|Any CPU.ActiveCfg = Debug|Any CPU
		{B2529445-C84E-4E3F-B4D7-651E9C195D39}.Debug|Any CPU.Build.0 = Debug|Any CPU
		{B2529445-C84E-4E3F-B4D7-651E9C195D39}.Release|Any CPU.ActiveCfg = Release|Any CPU
		{B2529445-C84E-4E3F-B4D7-651E9C195D39}.Release|Any CPU.Build.0 = Release|Any CPU
		{C6308AED-8472-4CCA-B49C-4AE9EBCE9DC8}.Debug|Any CPU.ActiveCfg = Debug|Any CPU
		{C6308AED-8472-4CCA-B49C-4AE9EBCE9DC8}.Debug|Any CPU.Build.0 = Debug|Any CPU
		{C6308AED-8472-4CCA-B49C-4AE9EBCE9DC8}.Release|Any CPU.ActiveCfg = Release|Any CPU
		{C6308AED-8472-4CCA-B49C-4AE9EBCE9DC8}.Release|Any CPU.Build.0 = Release|Any CPU
		{0D0CED51-E850-4107-81F8-910F234E0F81}.Debug|Any CPU.ActiveCfg = Debug|Any CPU
		{0D0CED51-E850-4107-81F8-910F234E0F81}.Debug|Any CPU.Build.0 = Debug|Any CPU
		{0D0CED51-E850-4107-81F8-910F234E0F81}.Release|Any CPU.ActiveCfg = Release|Any CPU
		{0D0CED51-E850-4107-81F8-910F234E0F81}.Release|Any CPU.Build.0 = Release|Any CPU
		{7582650C-2D27-4AB1-9E2F-A93084A2AC79}.Debug|Any CPU.ActiveCfg = Debug|Any CPU
		{7582650C-2D27-4AB1-9E2F-A93084A2AC79}.Debug|Any CPU.Build.0 = Debug|Any CPU
		{7582650C-2D27-4AB1-9E2F-A93084A2AC79}.Release|Any CPU.ActiveCfg = Release|Any CPU
		{7582650C-2D27-4AB1-9E2F-A93084A2AC79}.Release|Any CPU.Build.0 = Release|Any CPU
		{67EE6098-74A6-456F-8D27-C0D38D0A9B22}.Debug|Any CPU.ActiveCfg = Debug|Any CPU
		{67EE6098-74A6-456F-8D27-C0D38D0A9B22}.Debug|Any CPU.Build.0 = Debug|Any CPU
		{67EE6098-74A6-456F-8D27-C0D38D0A9B22}.Release|Any CPU.ActiveCfg = Release|Any CPU
		{67EE6098-74A6-456F-8D27-C0D38D0A9B22}.Release|Any CPU.Build.0 = Release|Any CPU
		{6C8815D6-62F5-4DED-AE3F-0AF4D0178CDB}.Debug|Any CPU.ActiveCfg = Debug|Any CPU
		{6C8815D6-62F5-4DED-AE3F-0AF4D0178CDB}.Debug|Any CPU.Build.0 = Debug|Any CPU
		{6C8815D6-62F5-4DED-AE3F-0AF4D0178CDB}.Release|Any CPU.ActiveCfg = Release|Any CPU
		{6C8815D6-62F5-4DED-AE3F-0AF4D0178CDB}.Release|Any CPU.Build.0 = Release|Any CPU
		{DE02AB34-33D1-42CA-A3F0-68F4B1BF98B1}.Debug|Any CPU.ActiveCfg = Debug|Any CPU
		{DE02AB34-33D1-42CA-A3F0-68F4B1BF98B1}.Debug|Any CPU.Build.0 = Debug|Any CPU
		{DE02AB34-33D1-42CA-A3F0-68F4B1BF98B1}.Release|Any CPU.ActiveCfg = Release|Any CPU
		{DE02AB34-33D1-42CA-A3F0-68F4B1BF98B1}.Release|Any CPU.Build.0 = Release|Any CPU
		{70F18C83-2063-4D7F-96A9-4B1DA6752C95}.Debug|Any CPU.ActiveCfg = Debug|Any CPU
		{70F18C83-2063-4D7F-96A9-4B1DA6752C95}.Debug|Any CPU.Build.0 = Debug|Any CPU
		{70F18C83-2063-4D7F-96A9-4B1DA6752C95}.Release|Any CPU.ActiveCfg = Release|Any CPU
		{70F18C83-2063-4D7F-96A9-4B1DA6752C95}.Release|Any CPU.Build.0 = Release|Any CPU
		{5861CE4C-7130-4B7B-AAF5-640A13EAF1DA}.Debug|Any CPU.ActiveCfg = Debug|Any CPU
		{5861CE4C-7130-4B7B-AAF5-640A13EAF1DA}.Debug|Any CPU.Build.0 = Debug|Any CPU
		{5861CE4C-7130-4B7B-AAF5-640A13EAF1DA}.Release|Any CPU.ActiveCfg = Release|Any CPU
		{5861CE4C-7130-4B7B-AAF5-640A13EAF1DA}.Release|Any CPU.Build.0 = Release|Any CPU
	EndGlobalSection
	GlobalSection(SolutionProperties) = preSolution
		HideSolutionNode = FALSE
	EndGlobalSection
	GlobalSection(NestedProjects) = preSolution
		{22DFBCFD-BDC3-4CD1-8DE5-E6872ACF7DB0} = {1FEBAFA6-6888-4ABC-94EE-CA3162AF5E02}
		{D8A33DCE-395C-4AD8-8FEC-74B8C8C74F53} = {1FEBAFA6-6888-4ABC-94EE-CA3162AF5E02}
		{97DA6A8F-CF90-4E70-986E-E0A9D7196312} = {1FEBAFA6-6888-4ABC-94EE-CA3162AF5E02}
		{400AFAB6-9354-49AB-A001-00B09235CEF1} = {1FEBAFA6-6888-4ABC-94EE-CA3162AF5E02}
		{F1BC69B4-E41C-4E72-AA57-FBF73663CAEB} = {1FEBAFA6-6888-4ABC-94EE-CA3162AF5E02}
		{D26A09EB-2F43-4566-B304-81CF8055AD6B} = {1FEBAFA6-6888-4ABC-94EE-CA3162AF5E02}
		{B55FBAF5-21E0-4375-8515-0FF9622D581E} = {1FEBAFA6-6888-4ABC-94EE-CA3162AF5E02}
		{45DC6DFF-4680-4739-8DD1-3EA91C1E2F19} = {1FEBAFA6-6888-4ABC-94EE-CA3162AF5E02}
		{BE090500-80BA-45B8-A22F-114167DCF774} = {1FEBAFA6-6888-4ABC-94EE-CA3162AF5E02}
		{695E7395-50BD-48BE-B1E2-7A4D21AF9F3D} = {AD2A766B-0E4D-409F-A399-1697C311D5F7}
		{72FEDAC3-072E-4966-AB1E-63E07F884321} = {AD2A766B-0E4D-409F-A399-1697C311D5F7}
		{71F8BD46-2468-4BD6-AE5D-7C81E56CF437} = {AD2A766B-0E4D-409F-A399-1697C311D5F7}
		{29B2985C-C196-453F-848E-7195AADAC21C} = {1A55A236-AFFB-4D46-A2F8-7BA1D208AA4E}
		{5B09A92A-9C6F-4EE2-B777-94281092DEDF} = {2EAC203F-029A-4833-8089-288FCA8A4611}
		{A516604C-19DE-4AED-9262-8F7271A42BFF} = {AD3C8414-EEFF-47DF-B46E-A6639FE521D8}
		{D7B11859-2A1B-49F7-A7C7-83B72495BF31} = {53E1D618-EEC4-46C6-AF3A-666C25BA2A24}
		{4399886A-6016-4290-992E-1E77A14CEE46} = {3365683D-6203-4E87-853B-67C208FFE2B0}
		{0A94DFDE-A128-4F83-B0D2-2D97B18BF7BA} = {3365683D-6203-4E87-853B-67C208FFE2B0}
		{74641C69-189E-4F3E-B521-32BDC1121E5F} = {3365683D-6203-4E87-853B-67C208FFE2B0}
		{7720B322-2AFF-45C4-AF9A-EAB12BCFAFCE} = {63EB4443-F9F5-41B3-98B1-BF9508BD45F3}
		{D7347273-CF36-4A75-B324-90D4644D9287} = {B7B6C290-D25C-423D-B824-24B59076132B}
		{BFEDB63A-1A05-4A51-B7C2-C59DE01BC617} = {27570FE5-012D-414E-B56B-0E9B47280252}
		{20449142-40C3-4B1D-8F7C-2D3ED924FDA7} = {DF3EF4F4-770F-4E39-B2D6-9AF9C0DF1D1E}
		{CB8BE551-CB33-44A6-B793-1B266862EB25} = {AC16D1ED-96A9-49CF-8012-84A615C77148}
		{BACDB92F-A795-4631-8FC7-C6599D96B1BE} = {AC16D1ED-96A9-49CF-8012-84A615C77148}
		{C20B5498-5E79-40F9-B41F-3D74D4558E92} = {AC16D1ED-96A9-49CF-8012-84A615C77148}
		{D77119C2-746D-4A2D-B06B-AB2157F226E1} = {AC16D1ED-96A9-49CF-8012-84A615C77148}
		{5861CE4C-7130-4B7B-AAF5-640A13EAF1DA} = {AC16D1ED-96A9-49CF-8012-84A615C77148}
		{1D3835B8-779E-4053-B03E-AC5292A48FF0} = {CCB4A615-BA7C-46B6-8021-C44A7725E8FD}
		{4132306C-EA25-4073-BFD5-BEBD9A88B600} = {A51EA9F5-2613-4C0D-B4D2-98E1D2431493}
		{4D14B05B-437D-4D83-A52E-526DEBF68999} = {A51EA9F5-2613-4C0D-B4D2-98E1D2431493}
		{4D71290B-65DC-4442-BE06-1CEBE07A26AC} = {A9300E59-0AD7-4BD3-AA2E-934F746C797D}
		{26FC5FD6-F4E9-4E0F-BB0D-492AAE98D880} = {3B310040-4265-4682-8C54-DD2801CA3C1C}
		{8D851E55-9D32-4C20-A9CE-C1A35175D06E} = {455285D3-51FE-4413-BA2E-0351A2FBE0FE}
		{18924A56-9ACA-4835-887B-3F8956DA7391} = {D167FD4B-94BC-4B88-B966-6BAF36344D9F}
		{5D70009B-698D-4A42-99F8-6C4CEE500AD8} = {D167FD4B-94BC-4B88-B966-6BAF36344D9F}
		{36E8A9EF-C91F-443A-9FEF-B2AB27E3628A} = {DD9D8B29-94F4-4B9A-AA5F-DA4099CC5884}
		{D32BF09E-4214-42B3-AB66-C6CAE9C3CEB1} = {42C112FF-C5E1-49EE-BEE1-4C719CE3DBC9}
		{670A30F5-4957-4E96-9677-71A2A40975BA} = {CF18E81C-806C-4290-A4E6-EE91D85E4110}
		{4C16C5D0-BB26-4639-8A2A-AEFCE8D3E5D6} = {734BC659-78B7-4CAD-94D3-E2AD5CEB743A}
		{DE1A0AAC-8832-429D-90D2-360C11ADA8CE} = {1E6EF1AA-032A-4C63-AA4E-641774058481}
		{B2529445-C84E-4E3F-B4D7-651E9C195D39} = {9C489F56-F963-43B2-93F6-996AE5789C3D}
		{B259D6E2-5376-42C1-8D05-6107BA9D1B0C} = {BAE03845-1E71-4CFC-9D9A-634CB9B648FF}
		{F7F3F62B-96E4-4FB9-8923-FB883E87520F} = {72B693E3-2FC5-4260-B41A-D6B5FCFF0332}
		{C6308AED-8472-4CCA-B49C-4AE9EBCE9DC8} = {03EAD6AD-BF1F-4AF5-983B-C57853A9B6F7}
		{0D0CED51-E850-4107-81F8-910F234E0F81} = {03EAD6AD-BF1F-4AF5-983B-C57853A9B6F7}
		{7582650C-2D27-4AB1-9E2F-A93084A2AC79} = {03EAD6AD-BF1F-4AF5-983B-C57853A9B6F7}
		{67EE6098-74A6-456F-8D27-C0D38D0A9B22} = {6AC8640E-F064-4C26-AC8E-153DAD60A387}
		{6C8815D6-62F5-4DED-AE3F-0AF4D0178CDB} = {4192F7A5-3468-4F99-87EF-7C26F48CFB61}
		{DE02AB34-33D1-42CA-A3F0-68F4B1BF98B1} = {4769AAB4-6534-48AF-9AF9-74E0086CBCEF}
		{70F18C83-2063-4D7F-96A9-4B1DA6752C95} = {CD976743-D98C-4DDC-A953-7E26709541F8}
	EndGlobalSection
	GlobalSection(MonoDevelopProperties) = preSolution
		StartupItem = Production\Production.csproj
	EndGlobalSection
EndGlobal
